// !$*UTF8*$!
{
	archiveVersion = 1;
	classes = {
	};
	objectVersion = 50;
	objects = {

/* Begin PBXBuildFile section */
		96D410173B894337951374E5 /* libPods-NNEasyKit.a in Frameworks */ = {isa = PBXBuildFile; fileRef = AE9CCD1F7A9489DD82C8C995 /* libPods-NNEasyKit.a */; };
		AE8A5C34221C01160057683B /* NNCarouselLayout.m in Sources */ = {isa = PBXBuildFile; fileRef = AE8A5C30221C01160057683B /* NNCarouselLayout.m */; };
		AE8A5C35221C01160057683B /* NNCarousel.m in Sources */ = {isa = PBXBuildFile; fileRef = AE8A5C31221C01160057683B /* NNCarousel.m */; };
		AEA57BEC222E3A0000F334B4 /* x2.png in Resources */ = {isa = PBXBuildFile; fileRef = AEA57B91222E3A0000F334B4 /* x2.png */; };
		AEA57BED222E3A0000F334B4 /* x3.png in Resources */ = {isa = PBXBuildFile; fileRef = AEA57B92222E3A0000F334B4 /* x3.png */; };
		AEA57BEE222E3A0000F334B4 /* x1.png in Resources */ = {isa = PBXBuildFile; fileRef = AEA57B93222E3A0000F334B4 /* x1.png */; };
		AEA57BEF222E3A0000F334B4 /* BackgroundTile@2x.png in Resources */ = {isa = PBXBuildFile; fileRef = AEA57B94222E3A0000F334B4 /* BackgroundTile@2x.png */; };
		AEA57BF0222E3A0000F334B4 /* x0.png in Resources */ = {isa = PBXBuildFile; fileRef = AEA57B95222E3A0000F334B4 /* x0.png */; };
		AEA57BF1222E3A0000F334B4 /* x4.png in Resources */ = {isa = PBXBuildFile; fileRef = AEA57B96222E3A0000F334B4 /* x4.png */; };
		AEA57BF2222E3A0000F334B4 /* Box1@2x.png in Resources */ = {isa = PBXBuildFile; fileRef = AEA57B97222E3A0000F334B4 /* Box1@2x.png */; };
		AEA57BF3222E3A0000F334B4 /* Origin@2x.png in Resources */ = {isa = PBXBuildFile; fileRef = AEA57B98222E3A0000F334B4 /* Origin@2x.png */; };
		AEA57BF4222E3A0000F334B4 /* x5.png in Resources */ = {isa = PBXBuildFile; fileRef = AEA57B99222E3A0000F334B4 /* x5.png */; };
		AEA57BF5222E3A0000F334B4 /* Arrow@2x.png in Resources */ = {isa = PBXBuildFile; fileRef = AEA57B9A222E3A0000F334B4 /* Arrow@2x.png */; };
		AEA57BF6222E3A0000F334B4 /* githubhead1.jpeg in Resources */ = {isa = PBXBuildFile; fileRef = AEA57B9B222E3A0000F334B4 /* githubhead1.jpeg */; };
		AEA57BF7222E3A0000F334B4 /* Floor@2x.png in Resources */ = {isa = PBXBuildFile; fileRef = AEA57B9C222E3A0000F334B4 /* Floor@2x.png */; };
		AEA57BF8222E3A0000F334B4 /* ship-shadow.png in Resources */ = {isa = PBXBuildFile; fileRef = AEA57B9E222E3A0000F334B4 /* ship-shadow.png */; };
		AEA57BF9222E3A0000F334B4 /* ship.png in Resources */ = {isa = PBXBuildFile; fileRef = AEA57B9F222E3A0000F334B4 /* ship.png */; };
		AEA57BFA222E3A0000F334B4 /* yurt1.png in Resources */ = {isa = PBXBuildFile; fileRef = AEA57BA0222E3A0000F334B4 /* yurt1.png */; };
		AEA57BFB222E3A0000F334B4 /* octocat-shadow.png in Resources */ = {isa = PBXBuildFile; fileRef = AEA57BA1222E3A0000F334B4 /* octocat-shadow.png */; };
		AEA57BFC222E3A0000F334B4 /* yurt2.png in Resources */ = {isa = PBXBuildFile; fileRef = AEA57BA2222E3A0000F334B4 /* yurt2.png */; };
		AEA57BFD222E3A0000F334B4 /* octocat.png in Resources */ = {isa = PBXBuildFile; fileRef = AEA57BA3222E3A0000F334B4 /* octocat.png */; };
		AEA57BFE222E3A0000F334B4 /* bg.jpeg in Resources */ = {isa = PBXBuildFile; fileRef = AEA57BA4222E3A0000F334B4 /* bg.jpeg */; };
		AEA57BFF222E3A0000F334B4 /* text.png in Resources */ = {isa = PBXBuildFile; fileRef = AEA57BA5222E3A0000F334B4 /* text.png */; };
		AEA57C00222E3A0000F334B4 /* blackhole.png in Resources */ = {isa = PBXBuildFile; fileRef = AEA57BA6222E3A0000F334B4 /* blackhole.png */; };
		AEA57C01222E3A0000F334B4 /* Box2@2x.png in Resources */ = {isa = PBXBuildFile; fileRef = AEA57BA7222E3A0000F334B4 /* Box2@2x.png */; };
		AEA57C02222E3A0000F334B4 /* ButtonOutline@2x.png in Resources */ = {isa = PBXBuildFile; fileRef = AEA57BA8222E3A0000F334B4 /* ButtonOutline@2x.png */; };
		AEA57C03222E3A0000F334B4 /* AttachmentPoint_Mask@2x.png in Resources */ = {isa = PBXBuildFile; fileRef = AEA57BA9222E3A0000F334B4 /* AttachmentPoint_Mask@2x.png */; };
		AEA57C04222E3A0000F334B4 /* ViewController.xib in Resources */ = {isa = PBXBuildFile; fileRef = AEA57BAB222E3A0000F334B4 /* ViewController.xib */; };
		AEA57C05222E3A0000F334B4 /* ViewController.m in Sources */ = {isa = PBXBuildFile; fileRef = AEA57BAD222E3A0000F334B4 /* ViewController.m */; };
		AEA57C06222E3A0000F334B4 /* UIImage+NNExtension.m in Sources */ = {isa = PBXBuildFile; fileRef = AEA57BAE222E3A0000F334B4 /* UIImage+NNExtension.m */; };
		AEA57C07222E3A0000F334B4 /* Test1ViewController.m in Sources */ = {isa = PBXBuildFile; fileRef = AEA57BB2222E3A0000F334B4 /* Test1ViewController.m */; };
		AEA57C08222E3A0000F334B4 /* NNTransitionViewController.xib in Resources */ = {isa = PBXBuildFile; fileRef = AEA57BB5222E3A0000F334B4 /* NNTransitionViewController.xib */; };
		AEA57C09222E3A0000F334B4 /* NNTransitionViewController.m in Sources */ = {isa = PBXBuildFile; fileRef = AEA57BB6222E3A0000F334B4 /* NNTransitionViewController.m */; };
		AEA57C0A222E3A0000F334B4 /* UIViewController+NNTransition.m in Sources */ = {isa = PBXBuildFile; fileRef = AEA57BB8222E3A0000F334B4 /* UIViewController+NNTransition.m */; };
		AEA57C0B222E3A0000F334B4 /* NNEasyAnimatedTransition.m in Sources */ = {isa = PBXBuildFile; fileRef = AEA57BBD222E3A0000F334B4 /* NNEasyAnimatedTransition.m */; };
		AEA57C0C222E3A0000F334B4 /* NNCircleSpreadAnimationTransition.m in Sources */ = {isa = PBXBuildFile; fileRef = AEA57BC0222E3A0000F334B4 /* NNCircleSpreadAnimationTransition.m */; };
		AEA57C0D222E3A0000F334B4 /* NNExplodeAnimationTransition.m in Sources */ = {isa = PBXBuildFile; fileRef = AEA57BC1222E3A0000F334B4 /* NNExplodeAnimationTransition.m */; };
		AEA57C0E222E3A0000F334B4 /* NNSpreadAnimationTransition.m in Sources */ = {isa = PBXBuildFile; fileRef = AEA57BC3222E3A0000F334B4 /* NNSpreadAnimationTransition.m */; };
		AEA57C0F222E3A0000F334B4 /* NNScaleAnimationTransition.m in Sources */ = {isa = PBXBuildFile; fileRef = AEA57BC4222E3A0000F334B4 /* NNScaleAnimationTransition.m */; };
		AEA57C10222E3A0000F334B4 /* NNPortalAnimationTransition.m in Sources */ = {isa = PBXBuildFile; fileRef = AEA57BC6222E3A0000F334B4 /* NNPortalAnimationTransition.m */; };
		AEA57C11222E3A0000F334B4 /* NNAnimationTransition.m in Sources */ = {isa = PBXBuildFile; fileRef = AEA57BC7222E3A0000F334B4 /* NNAnimationTransition.m */; };
		AEA57C12222E3A0000F334B4 /* NNFlipAnimationTransition.m in Sources */ = {isa = PBXBuildFile; fileRef = AEA57BC9222E3A0000F334B4 /* NNFlipAnimationTransition.m */; };
		AEA57C13222E3A0000F334B4 /* NNSwipeInteractionTransition.m in Sources */ = {isa = PBXBuildFile; fileRef = AEA57BCD222E3A0000F334B4 /* NNSwipeInteractionTransition.m */; };
		AEA57C14222E3A0000F334B4 /* NNHorizontalSwipeInteractionTransition.m in Sources */ = {isa = PBXBuildFile; fileRef = AEA57BCE222E3A0000F334B4 /* NNHorizontalSwipeInteractionTransition.m */; };
		AEA57C15222E3A0000F334B4 /* NNInteractionTransition.m in Sources */ = {isa = PBXBuildFile; fileRef = AEA57BCF222E3A0000F334B4 /* NNInteractionTransition.m */; };
		AEA57C16222E3A0000F334B4 /* UIViewAnimationVC.m in Sources */ = {isa = PBXBuildFile; fileRef = AEA57BD4222E3A0000F334B4 /* UIViewAnimationVC.m */; };
		AEA57C17222E3A0000F334B4 /* UIKitDynamicsVC.m in Sources */ = {isa = PBXBuildFile; fileRef = AEA57BD6222E3A0000F334B4 /* UIKitDynamicsVC.m */; };
		AEA57C18222E3A0000F334B4 /* AViewController.m in Sources */ = {isa = PBXBuildFile; fileRef = AEA57BDB222E3A0000F334B4 /* AViewController.m */; };
		AEA57C19222E3A0000F334B4 /* NavigationTransition.m in Sources */ = {isa = PBXBuildFile; fileRef = AEA57BDD222E3A0000F334B4 /* NavigationTransition.m */; };
		AEA57C1A222E3A0000F334B4 /* AViewController.xib in Resources */ = {isa = PBXBuildFile; fileRef = AEA57BDE222E3A0000F334B4 /* AViewController.xib */; };
		AEA57C1B222E3A0000F334B4 /* InteractiveTransition.m in Sources */ = {isa = PBXBuildFile; fileRef = AEA57BDF222E3A0000F334B4 /* InteractiveTransition.m */; };
		AEA57C1C222E3A0000F334B4 /* BViewController.xib in Resources */ = {isa = PBXBuildFile; fileRef = AEA57BE0222E3A0000F334B4 /* BViewController.xib */; };
		AEA57C1D222E3A0000F334B4 /* BViewController.m in Sources */ = {isa = PBXBuildFile; fileRef = AEA57BE1222E3A0000F334B4 /* BViewController.m */; };
		AEA57C1E222E3A0000F334B4 /* PresentTransition.m in Sources */ = {isa = PBXBuildFile; fileRef = AEA57BE2222E3A0000F334B4 /* PresentTransition.m */; };
		AEA57C1F222E3A0000F334B4 /* CoreAnimationVC.m in Sources */ = {isa = PBXBuildFile; fileRef = AEA57BE6222E3A0000F334B4 /* CoreAnimationVC.m */; };
		AEA57C20222E3A0000F334B4 /* MotionEffectsViewController.m in Sources */ = {isa = PBXBuildFile; fileRef = AEA57BE9222E3A0000F334B4 /* MotionEffectsViewController.m */; };
		AEA57C21222E3A0000F334B4 /* MotionEffectsViewController.xib in Resources */ = {isa = PBXBuildFile; fileRef = AEA57BEA222E3A0000F334B4 /* MotionEffectsViewController.xib */; };
		AEA57C26222E3AE400F334B4 /* DelayOperationViewController.xib in Resources */ = {isa = PBXBuildFile; fileRef = AEA57C23222E3AE400F334B4 /* DelayOperationViewController.xib */; };
		AEA57C27222E3AE400F334B4 /* DelayOperationViewController.m in Sources */ = {isa = PBXBuildFile; fileRef = AEA57C25222E3AE400F334B4 /* DelayOperationViewController.m */; };
		AEBDB54A221548A400241E6C /* AppDelegate.m in Sources */ = {isa = PBXBuildFile; fileRef = AEBDB549221548A400241E6C /* AppDelegate.m */; };
		AEBDB54D221548A400241E6C /* ViewController.m in Sources */ = {isa = PBXBuildFile; fileRef = AEBDB54C221548A400241E6C /* ViewController.m */; };
		AEBDB550221548A400241E6C /* Main.storyboard in Resources */ = {isa = PBXBuildFile; fileRef = AEBDB54E221548A400241E6C /* Main.storyboard */; };
		AEBDB552221548A500241E6C /* Assets.xcassets in Resources */ = {isa = PBXBuildFile; fileRef = AEBDB551221548A500241E6C /* Assets.xcassets */; };
		AEBDB555221548A500241E6C /* LaunchScreen.storyboard in Resources */ = {isa = PBXBuildFile; fileRef = AEBDB553221548A500241E6C /* LaunchScreen.storyboard */; };
		AEBDB558221548A500241E6C /* main.m in Sources */ = {isa = PBXBuildFile; fileRef = AEBDB557221548A500241E6C /* main.m */; };
		AEBDB562221548A500241E6C /* NNEasyKitTests.m in Sources */ = {isa = PBXBuildFile; fileRef = AEBDB561221548A500241E6C /* NNEasyKitTests.m */; };
		AEBDB56D221548A500241E6C /* NNEasyKitUITests.m in Sources */ = {isa = PBXBuildFile; fileRef = AEBDB56C221548A500241E6C /* NNEasyKitUITests.m */; };
		AEBDB67522155E9200241E6C /* NNPFSLabel.m in Sources */ = {isa = PBXBuildFile; fileRef = AEBDB64A22155E9200241E6C /* NNPFSLabel.m */; };
		AEBDB67622155E9200241E6C /* CADisplayLink+NNExtension.m in Sources */ = {isa = PBXBuildFile; fileRef = AEBDB64B22155E9200241E6C /* CADisplayLink+NNExtension.m */; };
		AEBDB67722155E9200241E6C /* NNGCDTimer.m in Sources */ = {isa = PBXBuildFile; fileRef = AEBDB64E22155E9200241E6C /* NNGCDTimer.m */; };
		AEBDB67822155E9200241E6C /* NNPinYin.m in Sources */ = {isa = PBXBuildFile; fileRef = AEBDB65222155E9200241E6C /* NNPinYin.m */; };
		AEBDB67922155E9200241E6C /* NNNormalAlertView.m in Sources */ = {isa = PBXBuildFile; fileRef = AEBDB65422155E9200241E6C /* NNNormalAlertView.m */; };
		AEBDB67A22155E9200241E6C /* NNAlertView.m in Sources */ = {isa = PBXBuildFile; fileRef = AEBDB65722155E9200241E6C /* NNAlertView.m */; };
		AEBDB67B22155E9200241E6C /* NNGlobalHelper.m in Sources */ = {isa = PBXBuildFile; fileRef = AEBDB65922155E9200241E6C /* NNGlobalHelper.m */; };
		AEBDB67C22155E9200241E6C /* NSObject+NNExtension.m in Sources */ = {isa = PBXBuildFile; fileRef = AEBDB65B22155E9200241E6C /* NSObject+NNExtension.m */; };
		AEBDB67D22155E9200241E6C /* UIFont+NNExtension.m in Sources */ = {isa = PBXBuildFile; fileRef = AEBDB65C22155E9200241E6C /* UIFont+NNExtension.m */; };
		AEBDB67E22155E9200241E6C /* UIView+NNExtension.m in Sources */ = {isa = PBXBuildFile; fileRef = AEBDB65E22155E9200241E6C /* UIView+NNExtension.m */; };
		AEBDB67F22155E9200241E6C /* NSString+NNExtension.m in Sources */ = {isa = PBXBuildFile; fileRef = AEBDB66222155E9200241E6C /* NSString+NNExtension.m */; };
		AEBDB68022155E9200241E6C /* UICollectionView+NNExtension.m in Sources */ = {isa = PBXBuildFile; fileRef = AEBDB66422155E9200241E6C /* UICollectionView+NNExtension.m */; };
		AEBDB68122155E9200241E6C /* UIGestureRecognizer+NNExtension.m in Sources */ = {isa = PBXBuildFile; fileRef = AEBDB66722155E9200241E6C /* UIGestureRecognizer+NNExtension.m */; };
		AEBDB68222155E9200241E6C /* UIImage+NNExtension.m in Sources */ = {isa = PBXBuildFile; fileRef = AEBDB66C22155E9200241E6C /* UIImage+NNExtension.m */; };
		AEBDB68322155E9200241E6C /* NSTimer+NNExtension.m in Sources */ = {isa = PBXBuildFile; fileRef = AEBDB66D22155E9200241E6C /* NSTimer+NNExtension.m */; };
		AEBDB68422155E9200241E6C /* UIColor+NNExtension.m in Sources */ = {isa = PBXBuildFile; fileRef = AEBDB66E22155E9200241E6C /* UIColor+NNExtension.m */; };
		AEBDB68522155E9200241E6C /* UITableView+NNExtension.m in Sources */ = {isa = PBXBuildFile; fileRef = AEBDB66F22155E9200241E6C /* UITableView+NNExtension.m */; };
		AEBDB68622155E9200241E6C /* UIAlertController+NNExtension.m in Sources */ = {isa = PBXBuildFile; fileRef = AEBDB67022155E9200241E6C /* UIAlertController+NNExtension.m */; };
		AEBDB68722155E9200241E6C /* UIControl+NNExtension.m in Sources */ = {isa = PBXBuildFile; fileRef = AEBDB67222155E9200241E6C /* UIControl+NNExtension.m */; };
/* End PBXBuildFile section */

/* Begin PBXContainerItemProxy section */
		AEBDB55E221548A500241E6C /* PBXContainerItemProxy */ = {
			isa = PBXContainerItemProxy;
			containerPortal = AEBDB53D221548A400241E6C /* Project object */;
			proxyType = 1;
			remoteGlobalIDString = AEBDB544221548A400241E6C;
			remoteInfo = NNEasyKit;
		};
		AEBDB569221548A500241E6C /* PBXContainerItemProxy */ = {
			isa = PBXContainerItemProxy;
			containerPortal = AEBDB53D221548A400241E6C /* Project object */;
			proxyType = 1;
			remoteGlobalIDString = AEBDB544221548A400241E6C;
			remoteInfo = NNEasyKit;
		};
/* End PBXContainerItemProxy section */

/* Begin PBXFileReference section */
		AE8A5C30221C01160057683B /* NNCarouselLayout.m */ = {isa = PBXFileReference; fileEncoding = 4; lastKnownFileType = sourcecode.c.objc; path = NNCarouselLayout.m; sourceTree = "<group>"; };
		AE8A5C31221C01160057683B /* NNCarousel.m */ = {isa = PBXFileReference; fileEncoding = 4; lastKnownFileType = sourcecode.c.objc; path = NNCarousel.m; sourceTree = "<group>"; };
		AE8A5C32221C01160057683B /* NNCarouselLayout.h */ = {isa = PBXFileReference; fileEncoding = 4; lastKnownFileType = sourcecode.c.h; path = NNCarouselLayout.h; sourceTree = "<group>"; };
		AE8A5C33221C01160057683B /* NNCarousel.h */ = {isa = PBXFileReference; fileEncoding = 4; lastKnownFileType = sourcecode.c.h; path = NNCarousel.h; sourceTree = "<group>"; };
		AE9CCD1F7A9489DD82C8C995 /* libPods-NNEasyKit.a */ = {isa = PBXFileReference; explicitFileType = archive.ar; includeInIndex = 0; path = "libPods-NNEasyKit.a"; sourceTree = BUILT_PRODUCTS_DIR; };
		AEA57B91222E3A0000F334B4 /* x2.png */ = {isa = PBXFileReference; lastKnownFileType = image.png; path = x2.png; sourceTree = "<group>"; };
		AEA57B92222E3A0000F334B4 /* x3.png */ = {isa = PBXFileReference; lastKnownFileType = image.png; path = x3.png; sourceTree = "<group>"; };
		AEA57B93222E3A0000F334B4 /* x1.png */ = {isa = PBXFileReference; lastKnownFileType = image.png; path = x1.png; sourceTree = "<group>"; };
		AEA57B94222E3A0000F334B4 /* BackgroundTile@2x.png */ = {isa = PBXFileReference; lastKnownFileType = image.png; path = "BackgroundTile@2x.png"; sourceTree = "<group>"; };
		AEA57B95222E3A0000F334B4 /* x0.png */ = {isa = PBXFileReference; lastKnownFileType = image.png; path = x0.png; sourceTree = "<group>"; };
		AEA57B96222E3A0000F334B4 /* x4.png */ = {isa = PBXFileReference; lastKnownFileType = image.png; path = x4.png; sourceTree = "<group>"; };
		AEA57B97222E3A0000F334B4 /* Box1@2x.png */ = {isa = PBXFileReference; lastKnownFileType = image.png; path = "Box1@2x.png"; sourceTree = "<group>"; };
		AEA57B98222E3A0000F334B4 /* Origin@2x.png */ = {isa = PBXFileReference; lastKnownFileType = image.png; path = "Origin@2x.png"; sourceTree = "<group>"; };
		AEA57B99222E3A0000F334B4 /* x5.png */ = {isa = PBXFileReference; lastKnownFileType = image.png; path = x5.png; sourceTree = "<group>"; };
		AEA57B9A222E3A0000F334B4 /* Arrow@2x.png */ = {isa = PBXFileReference; lastKnownFileType = image.png; path = "Arrow@2x.png"; sourceTree = "<group>"; };
		AEA57B9B222E3A0000F334B4 /* githubhead1.jpeg */ = {isa = PBXFileReference; lastKnownFileType = image.jpeg; path = githubhead1.jpeg; sourceTree = "<group>"; };
		AEA57B9C222E3A0000F334B4 /* Floor@2x.png */ = {isa = PBXFileReference; lastKnownFileType = image.png; path = "Floor@2x.png"; sourceTree = "<group>"; };
		AEA57B9E222E3A0000F334B4 /* ship-shadow.png */ = {isa = PBXFileReference; lastKnownFileType = image.png; path = "ship-shadow.png"; sourceTree = "<group>"; };
		AEA57B9F222E3A0000F334B4 /* ship.png */ = {isa = PBXFileReference; lastKnownFileType = image.png; path = ship.png; sourceTree = "<group>"; };
		AEA57BA0222E3A0000F334B4 /* yurt1.png */ = {isa = PBXFileReference; lastKnownFileType = image.png; path = yurt1.png; sourceTree = "<group>"; };
		AEA57BA1222E3A0000F334B4 /* octocat-shadow.png */ = {isa = PBXFileReference; lastKnownFileType = image.png; path = "octocat-shadow.png"; sourceTree = "<group>"; };
		AEA57BA2222E3A0000F334B4 /* yurt2.png */ = {isa = PBXFileReference; lastKnownFileType = image.png; path = yurt2.png; sourceTree = "<group>"; };
		AEA57BA3222E3A0000F334B4 /* octocat.png */ = {isa = PBXFileReference; lastKnownFileType = image.png; path = octocat.png; sourceTree = "<group>"; };
		AEA57BA4222E3A0000F334B4 /* bg.jpeg */ = {isa = PBXFileReference; lastKnownFileType = image.jpeg; path = bg.jpeg; sourceTree = "<group>"; };
		AEA57BA5222E3A0000F334B4 /* text.png */ = {isa = PBXFileReference; lastKnownFileType = image.png; path = text.png; sourceTree = "<group>"; };
		AEA57BA6222E3A0000F334B4 /* blackhole.png */ = {isa = PBXFileReference; lastKnownFileType = image.png; path = blackhole.png; sourceTree = "<group>"; };
		AEA57BA7222E3A0000F334B4 /* Box2@2x.png */ = {isa = PBXFileReference; lastKnownFileType = image.png; path = "Box2@2x.png"; sourceTree = "<group>"; };
		AEA57BA8222E3A0000F334B4 /* ButtonOutline@2x.png */ = {isa = PBXFileReference; lastKnownFileType = image.png; path = "ButtonOutline@2x.png"; sourceTree = "<group>"; };
		AEA57BA9222E3A0000F334B4 /* AttachmentPoint_Mask@2x.png */ = {isa = PBXFileReference; lastKnownFileType = image.png; path = "AttachmentPoint_Mask@2x.png"; sourceTree = "<group>"; };
		AEA57BAB222E3A0000F334B4 /* ViewController.xib */ = {isa = PBXFileReference; fileEncoding = 4; lastKnownFileType = file.xib; path = ViewController.xib; sourceTree = "<group>"; };
		AEA57BAC222E3A0000F334B4 /* UIImage+NNExtension.h */ = {isa = PBXFileReference; fileEncoding = 4; lastKnownFileType = sourcecode.c.h; path = "UIImage+NNExtension.h"; sourceTree = "<group>"; };
		AEA57BAD222E3A0000F334B4 /* ViewController.m */ = {isa = PBXFileReference; fileEncoding = 4; lastKnownFileType = sourcecode.c.objc; path = ViewController.m; sourceTree = "<group>"; };
		AEA57BAE222E3A0000F334B4 /* UIImage+NNExtension.m */ = {isa = PBXFileReference; fileEncoding = 4; lastKnownFileType = sourcecode.c.objc; path = "UIImage+NNExtension.m"; sourceTree = "<group>"; };
		AEA57BAF222E3A0000F334B4 /* ViewController.h */ = {isa = PBXFileReference; fileEncoding = 4; lastKnownFileType = sourcecode.c.h; path = ViewController.h; sourceTree = "<group>"; };
		AEA57BB2222E3A0000F334B4 /* Test1ViewController.m */ = {isa = PBXFileReference; fileEncoding = 4; lastKnownFileType = sourcecode.c.objc; path = Test1ViewController.m; sourceTree = "<group>"; };
		AEA57BB3222E3A0000F334B4 /* NNTransitionViewController.h */ = {isa = PBXFileReference; fileEncoding = 4; lastKnownFileType = sourcecode.c.h; path = NNTransitionViewController.h; sourceTree = "<group>"; };
		AEA57BB4222E3A0000F334B4 /* Test1ViewController.h */ = {isa = PBXFileReference; fileEncoding = 4; lastKnownFileType = sourcecode.c.h; path = Test1ViewController.h; sourceTree = "<group>"; };
		AEA57BB5222E3A0000F334B4 /* NNTransitionViewController.xib */ = {isa = PBXFileReference; fileEncoding = 4; lastKnownFileType = file.xib; path = NNTransitionViewController.xib; sourceTree = "<group>"; };
		AEA57BB6222E3A0000F334B4 /* NNTransitionViewController.m */ = {isa = PBXFileReference; fileEncoding = 4; lastKnownFileType = sourcecode.c.objc; path = NNTransitionViewController.m; sourceTree = "<group>"; };
		AEA57BB8222E3A0000F334B4 /* UIViewController+NNTransition.m */ = {isa = PBXFileReference; fileEncoding = 4; lastKnownFileType = sourcecode.c.objc; path = "UIViewController+NNTransition.m"; sourceTree = "<group>"; };
		AEA57BB9222E3A0000F334B4 /* UIViewController+NNTransition.h */ = {isa = PBXFileReference; fileEncoding = 4; lastKnownFileType = sourcecode.c.h; path = "UIViewController+NNTransition.h"; sourceTree = "<group>"; };
		AEA57BBB222E3A0000F334B4 /* NNScaleAnimationTransition.h */ = {isa = PBXFileReference; fileEncoding = 4; lastKnownFileType = sourcecode.c.h; path = NNScaleAnimationTransition.h; sourceTree = "<group>"; };
		AEA57BBC222E3A0000F334B4 /* NNSpreadAnimationTransition.h */ = {isa = PBXFileReference; fileEncoding = 4; lastKnownFileType = sourcecode.c.h; path = NNSpreadAnimationTransition.h; sourceTree = "<group>"; };
		AEA57BBD222E3A0000F334B4 /* NNEasyAnimatedTransition.m */ = {isa = PBXFileReference; fileEncoding = 4; lastKnownFileType = sourcecode.c.objc; path = NNEasyAnimatedTransition.m; sourceTree = "<group>"; };
		AEA57BBE222E3A0000F334B4 /* NNPortalAnimationTransition.h */ = {isa = PBXFileReference; fileEncoding = 4; lastKnownFileType = sourcecode.c.h; path = NNPortalAnimationTransition.h; sourceTree = "<group>"; };
		AEA57BBF222E3A0000F334B4 /* NNAnimationTransition.h */ = {isa = PBXFileReference; fileEncoding = 4; lastKnownFileType = sourcecode.c.h; path = NNAnimationTransition.h; sourceTree = "<group>"; };
		AEA57BC0222E3A0000F334B4 /* NNCircleSpreadAnimationTransition.m */ = {isa = PBXFileReference; fileEncoding = 4; lastKnownFileType = sourcecode.c.objc; path = NNCircleSpreadAnimationTransition.m; sourceTree = "<group>"; };
		AEA57BC1222E3A0000F334B4 /* NNExplodeAnimationTransition.m */ = {isa = PBXFileReference; fileEncoding = 4; lastKnownFileType = sourcecode.c.objc; path = NNExplodeAnimationTransition.m; sourceTree = "<group>"; };
		AEA57BC2222E3A0000F334B4 /* NNFlipAnimationTransition.h */ = {isa = PBXFileReference; fileEncoding = 4; lastKnownFileType = sourcecode.c.h; path = NNFlipAnimationTransition.h; sourceTree = "<group>"; };
		AEA57BC3222E3A0000F334B4 /* NNSpreadAnimationTransition.m */ = {isa = PBXFileReference; fileEncoding = 4; lastKnownFileType = sourcecode.c.objc; path = NNSpreadAnimationTransition.m; sourceTree = "<group>"; };
		AEA57BC4222E3A0000F334B4 /* NNScaleAnimationTransition.m */ = {isa = PBXFileReference; fileEncoding = 4; lastKnownFileType = sourcecode.c.objc; path = NNScaleAnimationTransition.m; sourceTree = "<group>"; };
		AEA57BC5222E3A0000F334B4 /* NNCircleSpreadAnimationTransition.h */ = {isa = PBXFileReference; fileEncoding = 4; lastKnownFileType = sourcecode.c.h; path = NNCircleSpreadAnimationTransition.h; sourceTree = "<group>"; };
		AEA57BC6222E3A0000F334B4 /* NNPortalAnimationTransition.m */ = {isa = PBXFileReference; fileEncoding = 4; lastKnownFileType = sourcecode.c.objc; path = NNPortalAnimationTransition.m; sourceTree = "<group>"; };
		AEA57BC7222E3A0000F334B4 /* NNAnimationTransition.m */ = {isa = PBXFileReference; fileEncoding = 4; lastKnownFileType = sourcecode.c.objc; path = NNAnimationTransition.m; sourceTree = "<group>"; };
		AEA57BC8222E3A0000F334B4 /* NNEasyAnimatedTransition.h */ = {isa = PBXFileReference; fileEncoding = 4; lastKnownFileType = sourcecode.c.h; path = NNEasyAnimatedTransition.h; sourceTree = "<group>"; };
		AEA57BC9222E3A0000F334B4 /* NNFlipAnimationTransition.m */ = {isa = PBXFileReference; fileEncoding = 4; lastKnownFileType = sourcecode.c.objc; path = NNFlipAnimationTransition.m; sourceTree = "<group>"; };
		AEA57BCA222E3A0000F334B4 /* NNExplodeAnimationTransition.h */ = {isa = PBXFileReference; fileEncoding = 4; lastKnownFileType = sourcecode.c.h; path = NNExplodeAnimationTransition.h; sourceTree = "<group>"; };
		AEA57BCC222E3A0000F334B4 /* NNInteractionTransition.h */ = {isa = PBXFileReference; fileEncoding = 4; lastKnownFileType = sourcecode.c.h; path = NNInteractionTransition.h; sourceTree = "<group>"; };
		AEA57BCD222E3A0000F334B4 /* NNSwipeInteractionTransition.m */ = {isa = PBXFileReference; fileEncoding = 4; lastKnownFileType = sourcecode.c.objc; path = NNSwipeInteractionTransition.m; sourceTree = "<group>"; };
		AEA57BCE222E3A0000F334B4 /* NNHorizontalSwipeInteractionTransition.m */ = {isa = PBXFileReference; fileEncoding = 4; lastKnownFileType = sourcecode.c.objc; path = NNHorizontalSwipeInteractionTransition.m; sourceTree = "<group>"; };
		AEA57BCF222E3A0000F334B4 /* NNInteractionTransition.m */ = {isa = PBXFileReference; fileEncoding = 4; lastKnownFileType = sourcecode.c.objc; path = NNInteractionTransition.m; sourceTree = "<group>"; };
		AEA57BD0222E3A0000F334B4 /* NNSwipeInteractionTransition.h */ = {isa = PBXFileReference; fileEncoding = 4; lastKnownFileType = sourcecode.c.h; path = NNSwipeInteractionTransition.h; sourceTree = "<group>"; };
		AEA57BD1222E3A0000F334B4 /* NNHorizontalSwipeInteractionTransition.h */ = {isa = PBXFileReference; fileEncoding = 4; lastKnownFileType = sourcecode.c.h; path = NNHorizontalSwipeInteractionTransition.h; sourceTree = "<group>"; };
		AEA57BD3222E3A0000F334B4 /* UIViewAnimationVC.h */ = {isa = PBXFileReference; fileEncoding = 4; lastKnownFileType = sourcecode.c.h; path = UIViewAnimationVC.h; sourceTree = "<group>"; };
		AEA57BD4222E3A0000F334B4 /* UIViewAnimationVC.m */ = {isa = PBXFileReference; fileEncoding = 4; lastKnownFileType = sourcecode.c.objc; path = UIViewAnimationVC.m; sourceTree = "<group>"; };
		AEA57BD6222E3A0000F334B4 /* UIKitDynamicsVC.m */ = {isa = PBXFileReference; fileEncoding = 4; lastKnownFileType = sourcecode.c.objc; path = UIKitDynamicsVC.m; sourceTree = "<group>"; };
		AEA57BD7222E3A0000F334B4 /* UIKitDynamicsVC.h */ = {isa = PBXFileReference; fileEncoding = 4; lastKnownFileType = sourcecode.c.h; path = UIKitDynamicsVC.h; sourceTree = "<group>"; };
		AEA57BD9222E3A0000F334B4 /* InteractiveTransition.h */ = {isa = PBXFileReference; fileEncoding = 4; lastKnownFileType = sourcecode.c.h; path = InteractiveTransition.h; sourceTree = "<group>"; };
		AEA57BDA222E3A0000F334B4 /* BViewController.h */ = {isa = PBXFileReference; fileEncoding = 4; lastKnownFileType = sourcecode.c.h; path = BViewController.h; sourceTree = "<group>"; };
		AEA57BDB222E3A0000F334B4 /* AViewController.m */ = {isa = PBXFileReference; fileEncoding = 4; lastKnownFileType = sourcecode.c.objc; path = AViewController.m; sourceTree = "<group>"; };
		AEA57BDC222E3A0000F334B4 /* PresentTransition.h */ = {isa = PBXFileReference; fileEncoding = 4; lastKnownFileType = sourcecode.c.h; path = PresentTransition.h; sourceTree = "<group>"; };
		AEA57BDD222E3A0000F334B4 /* NavigationTransition.m */ = {isa = PBXFileReference; fileEncoding = 4; lastKnownFileType = sourcecode.c.objc; path = NavigationTransition.m; sourceTree = "<group>"; };
		AEA57BDE222E3A0000F334B4 /* AViewController.xib */ = {isa = PBXFileReference; fileEncoding = 4; lastKnownFileType = file.xib; path = AViewController.xib; sourceTree = "<group>"; };
		AEA57BDF222E3A0000F334B4 /* InteractiveTransition.m */ = {isa = PBXFileReference; fileEncoding = 4; lastKnownFileType = sourcecode.c.objc; path = InteractiveTransition.m; sourceTree = "<group>"; };
		AEA57BE0222E3A0000F334B4 /* BViewController.xib */ = {isa = PBXFileReference; fileEncoding = 4; lastKnownFileType = file.xib; path = BViewController.xib; sourceTree = "<group>"; };
		AEA57BE1222E3A0000F334B4 /* BViewController.m */ = {isa = PBXFileReference; fileEncoding = 4; lastKnownFileType = sourcecode.c.objc; path = BViewController.m; sourceTree = "<group>"; };
		AEA57BE2222E3A0000F334B4 /* PresentTransition.m */ = {isa = PBXFileReference; fileEncoding = 4; lastKnownFileType = sourcecode.c.objc; path = PresentTransition.m; sourceTree = "<group>"; };
		AEA57BE3222E3A0000F334B4 /* NavigationTransition.h */ = {isa = PBXFileReference; fileEncoding = 4; lastKnownFileType = sourcecode.c.h; path = NavigationTransition.h; sourceTree = "<group>"; };
		AEA57BE4222E3A0000F334B4 /* AViewController.h */ = {isa = PBXFileReference; fileEncoding = 4; lastKnownFileType = sourcecode.c.h; path = AViewController.h; sourceTree = "<group>"; };
		AEA57BE6222E3A0000F334B4 /* CoreAnimationVC.m */ = {isa = PBXFileReference; fileEncoding = 4; lastKnownFileType = sourcecode.c.objc; path = CoreAnimationVC.m; sourceTree = "<group>"; };
		AEA57BE7222E3A0000F334B4 /* CoreAnimationVC.h */ = {isa = PBXFileReference; fileEncoding = 4; lastKnownFileType = sourcecode.c.h; path = CoreAnimationVC.h; sourceTree = "<group>"; };
		AEA57BE9222E3A0000F334B4 /* MotionEffectsViewController.m */ = {isa = PBXFileReference; fileEncoding = 4; lastKnownFileType = sourcecode.c.objc; path = MotionEffectsViewController.m; sourceTree = "<group>"; };
		AEA57BEA222E3A0000F334B4 /* MotionEffectsViewController.xib */ = {isa = PBXFileReference; fileEncoding = 4; lastKnownFileType = file.xib; path = MotionEffectsViewController.xib; sourceTree = "<group>"; };
		AEA57BEB222E3A0000F334B4 /* MotionEffectsViewController.h */ = {isa = PBXFileReference; fileEncoding = 4; lastKnownFileType = sourcecode.c.h; path = MotionEffectsViewController.h; sourceTree = "<group>"; };
		AEA57C23222E3AE400F334B4 /* DelayOperationViewController.xib */ = {isa = PBXFileReference; fileEncoding = 4; lastKnownFileType = file.xib; path = DelayOperationViewController.xib; sourceTree = "<group>"; };
		AEA57C24222E3AE400F334B4 /* DelayOperationViewController.h */ = {isa = PBXFileReference; fileEncoding = 4; lastKnownFileType = sourcecode.c.h; path = DelayOperationViewController.h; sourceTree = "<group>"; };
		AEA57C25222E3AE400F334B4 /* DelayOperationViewController.m */ = {isa = PBXFileReference; fileEncoding = 4; lastKnownFileType = sourcecode.c.objc; path = DelayOperationViewController.m; sourceTree = "<group>"; };
		AEBDB545221548A400241E6C /* NNEasyKit.app */ = {isa = PBXFileReference; explicitFileType = wrapper.application; includeInIndex = 0; path = NNEasyKit.app; sourceTree = BUILT_PRODUCTS_DIR; };
		AEBDB548221548A400241E6C /* AppDelegate.h */ = {isa = PBXFileReference; lastKnownFileType = sourcecode.c.h; path = AppDelegate.h; sourceTree = "<group>"; };
		AEBDB549221548A400241E6C /* AppDelegate.m */ = {isa = PBXFileReference; lastKnownFileType = sourcecode.c.objc; path = AppDelegate.m; sourceTree = "<group>"; };
		AEBDB54B221548A400241E6C /* ViewController.h */ = {isa = PBXFileReference; lastKnownFileType = sourcecode.c.h; path = ViewController.h; sourceTree = "<group>"; };
		AEBDB54C221548A400241E6C /* ViewController.m */ = {isa = PBXFileReference; lastKnownFileType = sourcecode.c.objc; path = ViewController.m; sourceTree = "<group>"; };
		AEBDB54F221548A400241E6C /* Base */ = {isa = PBXFileReference; lastKnownFileType = file.storyboard; name = Base; path = Base.lproj/Main.storyboard; sourceTree = "<group>"; };
		AEBDB551221548A500241E6C /* Assets.xcassets */ = {isa = PBXFileReference; lastKnownFileType = folder.assetcatalog; path = Assets.xcassets; sourceTree = "<group>"; };
		AEBDB554221548A500241E6C /* Base */ = {isa = PBXFileReference; lastKnownFileType = file.storyboard; name = Base; path = Base.lproj/LaunchScreen.storyboard; sourceTree = "<group>"; };
		AEBDB556221548A500241E6C /* Info.plist */ = {isa = PBXFileReference; lastKnownFileType = text.plist.xml; path = Info.plist; sourceTree = "<group>"; };
		AEBDB557221548A500241E6C /* main.m */ = {isa = PBXFileReference; lastKnownFileType = sourcecode.c.objc; path = main.m; sourceTree = "<group>"; };
		AEBDB55D221548A500241E6C /* NNEasyKitTests.xctest */ = {isa = PBXFileReference; explicitFileType = wrapper.cfbundle; includeInIndex = 0; path = NNEasyKitTests.xctest; sourceTree = BUILT_PRODUCTS_DIR; };
		AEBDB561221548A500241E6C /* NNEasyKitTests.m */ = {isa = PBXFileReference; lastKnownFileType = sourcecode.c.objc; path = NNEasyKitTests.m; sourceTree = "<group>"; };
		AEBDB563221548A500241E6C /* Info.plist */ = {isa = PBXFileReference; lastKnownFileType = text.plist.xml; path = Info.plist; sourceTree = "<group>"; };
		AEBDB568221548A500241E6C /* NNEasyKitUITests.xctest */ = {isa = PBXFileReference; explicitFileType = wrapper.cfbundle; includeInIndex = 0; path = NNEasyKitUITests.xctest; sourceTree = BUILT_PRODUCTS_DIR; };
		AEBDB56C221548A500241E6C /* NNEasyKitUITests.m */ = {isa = PBXFileReference; lastKnownFileType = sourcecode.c.objc; path = NNEasyKitUITests.m; sourceTree = "<group>"; };
		AEBDB56E221548A500241E6C /* Info.plist */ = {isa = PBXFileReference; lastKnownFileType = text.plist.xml; path = Info.plist; sourceTree = "<group>"; };
		AEBDB64922155E9200241E6C /* CADisplayLink+NNExtension.h */ = {isa = PBXFileReference; fileEncoding = 4; lastKnownFileType = sourcecode.c.h; path = "CADisplayLink+NNExtension.h"; sourceTree = "<group>"; };
		AEBDB64A22155E9200241E6C /* NNPFSLabel.m */ = {isa = PBXFileReference; fileEncoding = 4; lastKnownFileType = sourcecode.c.objc; path = NNPFSLabel.m; sourceTree = "<group>"; };
		AEBDB64B22155E9200241E6C /* CADisplayLink+NNExtension.m */ = {isa = PBXFileReference; fileEncoding = 4; lastKnownFileType = sourcecode.c.objc; path = "CADisplayLink+NNExtension.m"; sourceTree = "<group>"; };
		AEBDB64C22155E9200241E6C /* NNPFSLabel.h */ = {isa = PBXFileReference; fileEncoding = 4; lastKnownFileType = sourcecode.c.h; path = NNPFSLabel.h; sourceTree = "<group>"; };
		AEBDB64E22155E9200241E6C /* NNGCDTimer.m */ = {isa = PBXFileReference; fileEncoding = 4; lastKnownFileType = sourcecode.c.objc; path = NNGCDTimer.m; sourceTree = "<group>"; };
		AEBDB64F22155E9200241E6C /* NNGCDTimer.h */ = {isa = PBXFileReference; fileEncoding = 4; lastKnownFileType = sourcecode.c.h; path = NNGCDTimer.h; sourceTree = "<group>"; };
		AEBDB65122155E9200241E6C /* NNPinYin.h */ = {isa = PBXFileReference; fileEncoding = 4; lastKnownFileType = sourcecode.c.h; path = NNPinYin.h; sourceTree = "<group>"; };
		AEBDB65222155E9200241E6C /* NNPinYin.m */ = {isa = PBXFileReference; fileEncoding = 4; lastKnownFileType = sourcecode.c.objc; path = NNPinYin.m; sourceTree = "<group>"; };
		AEBDB65422155E9200241E6C /* NNNormalAlertView.m */ = {isa = PBXFileReference; fileEncoding = 4; lastKnownFileType = sourcecode.c.objc; path = NNNormalAlertView.m; sourceTree = "<group>"; };
		AEBDB65522155E9200241E6C /* NNAlertView.h */ = {isa = PBXFileReference; fileEncoding = 4; lastKnownFileType = sourcecode.c.h; path = NNAlertView.h; sourceTree = "<group>"; };
		AEBDB65622155E9200241E6C /* NNNormalAlertView.h */ = {isa = PBXFileReference; fileEncoding = 4; lastKnownFileType = sourcecode.c.h; path = NNNormalAlertView.h; sourceTree = "<group>"; };
		AEBDB65722155E9200241E6C /* NNAlertView.m */ = {isa = PBXFileReference; fileEncoding = 4; lastKnownFileType = sourcecode.c.objc; path = NNAlertView.m; sourceTree = "<group>"; };
		AEBDB65922155E9200241E6C /* NNGlobalHelper.m */ = {isa = PBXFileReference; fileEncoding = 4; lastKnownFileType = sourcecode.c.objc; path = NNGlobalHelper.m; sourceTree = "<group>"; };
		AEBDB65A22155E9200241E6C /* UIGestureRecognizer+NNExtension.h */ = {isa = PBXFileReference; fileEncoding = 4; lastKnownFileType = sourcecode.c.h; path = "UIGestureRecognizer+NNExtension.h"; sourceTree = "<group>"; };
		AEBDB65B22155E9200241E6C /* NSObject+NNExtension.m */ = {isa = PBXFileReference; fileEncoding = 4; lastKnownFileType = sourcecode.c.objc; path = "NSObject+NNExtension.m"; sourceTree = "<group>"; };
		AEBDB65C22155E9200241E6C /* UIFont+NNExtension.m */ = {isa = PBXFileReference; fileEncoding = 4; lastKnownFileType = sourcecode.c.objc; path = "UIFont+NNExtension.m"; sourceTree = "<group>"; };
		AEBDB65D22155E9200241E6C /* NNDefineMacro.h */ = {isa = PBXFileReference; fileEncoding = 4; lastKnownFileType = sourcecode.c.h; path = NNDefineMacro.h; sourceTree = "<group>"; };
		AEBDB65E22155E9200241E6C /* UIView+NNExtension.m */ = {isa = PBXFileReference; fileEncoding = 4; lastKnownFileType = sourcecode.c.objc; path = "UIView+NNExtension.m"; sourceTree = "<group>"; };
		AEBDB65F22155E9200241E6C /* UIColor+NNExtension.h */ = {isa = PBXFileReference; fileEncoding = 4; lastKnownFileType = sourcecode.c.h; path = "UIColor+NNExtension.h"; sourceTree = "<group>"; };
		AEBDB66022155E9200241E6C /* NSTimer+NNExtension.h */ = {isa = PBXFileReference; fileEncoding = 4; lastKnownFileType = sourcecode.c.h; path = "NSTimer+NNExtension.h"; sourceTree = "<group>"; };
		AEBDB66122155E9200241E6C /* UIImage+NNExtension.h */ = {isa = PBXFileReference; fileEncoding = 4; lastKnownFileType = sourcecode.c.h; path = "UIImage+NNExtension.h"; sourceTree = "<group>"; };
		AEBDB66222155E9200241E6C /* NSString+NNExtension.m */ = {isa = PBXFileReference; fileEncoding = 4; lastKnownFileType = sourcecode.c.objc; path = "NSString+NNExtension.m"; sourceTree = "<group>"; };
		AEBDB66322155E9200241E6C /* UIControl+NNExtension.h */ = {isa = PBXFileReference; fileEncoding = 4; lastKnownFileType = sourcecode.c.h; path = "UIControl+NNExtension.h"; sourceTree = "<group>"; };
		AEBDB66422155E9200241E6C /* UICollectionView+NNExtension.m */ = {isa = PBXFileReference; fileEncoding = 4; lastKnownFileType = sourcecode.c.objc; path = "UICollectionView+NNExtension.m"; sourceTree = "<group>"; };
		AEBDB66522155E9200241E6C /* UIAlertController+NNExtension.h */ = {isa = PBXFileReference; fileEncoding = 4; lastKnownFileType = sourcecode.c.h; path = "UIAlertController+NNExtension.h"; sourceTree = "<group>"; };
		AEBDB66622155E9200241E6C /* UITableView+NNExtension.h */ = {isa = PBXFileReference; fileEncoding = 4; lastKnownFileType = sourcecode.c.h; path = "UITableView+NNExtension.h"; sourceTree = "<group>"; };
		AEBDB66722155E9200241E6C /* UIGestureRecognizer+NNExtension.m */ = {isa = PBXFileReference; fileEncoding = 4; lastKnownFileType = sourcecode.c.objc; path = "UIGestureRecognizer+NNExtension.m"; sourceTree = "<group>"; };
		AEBDB66822155E9200241E6C /* NNGlobalHelper.h */ = {isa = PBXFileReference; fileEncoding = 4; lastKnownFileType = sourcecode.c.h; path = NNGlobalHelper.h; sourceTree = "<group>"; };
		AEBDB66922155E9200241E6C /* UIView+NNExtension.h */ = {isa = PBXFileReference; fileEncoding = 4; lastKnownFileType = sourcecode.c.h; path = "UIView+NNExtension.h"; sourceTree = "<group>"; };
		AEBDB66A22155E9200241E6C /* NSObject+NNExtension.h */ = {isa = PBXFileReference; fileEncoding = 4; lastKnownFileType = sourcecode.c.h; path = "NSObject+NNExtension.h"; sourceTree = "<group>"; };
		AEBDB66B22155E9200241E6C /* UIFont+NNExtension.h */ = {isa = PBXFileReference; fileEncoding = 4; lastKnownFileType = sourcecode.c.h; path = "UIFont+NNExtension.h"; sourceTree = "<group>"; };
		AEBDB66C22155E9200241E6C /* UIImage+NNExtension.m */ = {isa = PBXFileReference; fileEncoding = 4; lastKnownFileType = sourcecode.c.objc; path = "UIImage+NNExtension.m"; sourceTree = "<group>"; };
		AEBDB66D22155E9200241E6C /* NSTimer+NNExtension.m */ = {isa = PBXFileReference; fileEncoding = 4; lastKnownFileType = sourcecode.c.objc; path = "NSTimer+NNExtension.m"; sourceTree = "<group>"; };
		AEBDB66E22155E9200241E6C /* UIColor+NNExtension.m */ = {isa = PBXFileReference; fileEncoding = 4; lastKnownFileType = sourcecode.c.objc; path = "UIColor+NNExtension.m"; sourceTree = "<group>"; };
		AEBDB66F22155E9200241E6C /* UITableView+NNExtension.m */ = {isa = PBXFileReference; fileEncoding = 4; lastKnownFileType = sourcecode.c.objc; path = "UITableView+NNExtension.m"; sourceTree = "<group>"; };
		AEBDB67022155E9200241E6C /* UIAlertController+NNExtension.m */ = {isa = PBXFileReference; fileEncoding = 4; lastKnownFileType = sourcecode.c.objc; path = "UIAlertController+NNExtension.m"; sourceTree = "<group>"; };
		AEBDB67122155E9200241E6C /* UICollectionView+NNExtension.h */ = {isa = PBXFileReference; fileEncoding = 4; lastKnownFileType = sourcecode.c.h; path = "UICollectionView+NNExtension.h"; sourceTree = "<group>"; };
		AEBDB67222155E9200241E6C /* UIControl+NNExtension.m */ = {isa = PBXFileReference; fileEncoding = 4; lastKnownFileType = sourcecode.c.objc; path = "UIControl+NNExtension.m"; sourceTree = "<group>"; };
		AEBDB67322155E9200241E6C /* NSString+NNExtension.h */ = {isa = PBXFileReference; fileEncoding = 4; lastKnownFileType = sourcecode.c.h; path = "NSString+NNExtension.h"; sourceTree = "<group>"; };
		AEBDB67422155E9200241E6C /* NNEasyKit.h */ = {isa = PBXFileReference; fileEncoding = 4; lastKnownFileType = sourcecode.c.h; path = NNEasyKit.h; sourceTree = "<group>"; };
		DAAD2B5082AD704F677D7D93 /* Pods-NNEasyKit.debug.xcconfig */ = {isa = PBXFileReference; includeInIndex = 1; lastKnownFileType = text.xcconfig; name = "Pods-NNEasyKit.debug.xcconfig"; path = "Pods/Target Support Files/Pods-NNEasyKit/Pods-NNEasyKit.debug.xcconfig"; sourceTree = "<group>"; };
		F3ABF50F3C5FE4453D50D873 /* Pods-NNEasyKit.release.xcconfig */ = {isa = PBXFileReference; includeInIndex = 1; lastKnownFileType = text.xcconfig; name = "Pods-NNEasyKit.release.xcconfig"; path = "Pods/Target Support Files/Pods-NNEasyKit/Pods-NNEasyKit.release.xcconfig"; sourceTree = "<group>"; };
/* End PBXFileReference section */

/* Begin PBXFrameworksBuildPhase section */
		AEBDB542221548A400241E6C /* Frameworks */ = {
			isa = PBXFrameworksBuildPhase;
			buildActionMask = 2147483647;
			files = (
				96D410173B894337951374E5 /* libPods-NNEasyKit.a in Frameworks */,
			);
			runOnlyForDeploymentPostprocessing = 0;
		};
		AEBDB55A221548A500241E6C /* Frameworks */ = {
			isa = PBXFrameworksBuildPhase;
			buildActionMask = 2147483647;
			files = (
			);
			runOnlyForDeploymentPostprocessing = 0;
		};
		AEBDB565221548A500241E6C /* Frameworks */ = {
			isa = PBXFrameworksBuildPhase;
			buildActionMask = 2147483647;
			files = (
			);
			runOnlyForDeploymentPostprocessing = 0;
		};
/* End PBXFrameworksBuildPhase section */

/* Begin PBXGroup section */
		19DCB99440E3A79149004748 /* Frameworks */ = {
			isa = PBXGroup;
			children = (
				AE9CCD1F7A9489DD82C8C995 /* libPods-NNEasyKit.a */,
			);
			name = Frameworks;
			sourceTree = "<group>";
		};
		5A7AF004BD5AE7B09B8825C8 /* Pods */ = {
			isa = PBXGroup;
			children = (
				DAAD2B5082AD704F677D7D93 /* Pods-NNEasyKit.debug.xcconfig */,
				F3ABF50F3C5FE4453D50D873 /* Pods-NNEasyKit.release.xcconfig */,
			);
			name = Pods;
			sourceTree = "<group>";
		};
		AE8A5C2F221C01160057683B /* NNCarousel */ = {
			isa = PBXGroup;
			children = (
				AE8A5C33221C01160057683B /* NNCarousel.h */,
				AE8A5C31221C01160057683B /* NNCarousel.m */,
				AE8A5C32221C01160057683B /* NNCarouselLayout.h */,
				AE8A5C30221C01160057683B /* NNCarouselLayout.m */,
			);
			path = NNCarousel;
			sourceTree = "<group>";
		};
		AEA57B8F222E3A0000F334B4 /* iOSAnimation */ = {
			isa = PBXGroup;
			children = (
				AEA57BE5222E3A0000F334B4 /* CoreAnimation */,
				AEA57B90222E3A0000F334B4 /* images */,
				AEA57BE8222E3A0000F334B4 /* MotionEffects */,
				AEA57BB0222E3A0000F334B4 /* NNTransition */,
				AEA57BAA222E3A0000F334B4 /* Other */,
				AEA57BD5222E3A0000F334B4 /* UIKitDynamics */,
				AEA57BD2222E3A0000F334B4 /* UIViewAnimation */,
				AEA57BD8222E3A0000F334B4 /* ViewControllerTransition */,
			);
			path = iOSAnimation;
			sourceTree = "<group>";
		};
		AEA57B90222E3A0000F334B4 /* images */ = {
			isa = PBXGroup;
			children = (
				AEA57B9A222E3A0000F334B4 /* Arrow@2x.png */,
				AEA57BA9222E3A0000F334B4 /* AttachmentPoint_Mask@2x.png */,
				AEA57B94222E3A0000F334B4 /* BackgroundTile@2x.png */,
				AEA57BA6222E3A0000F334B4 /* blackhole.png */,
				AEA57B97222E3A0000F334B4 /* Box1@2x.png */,
				AEA57BA7222E3A0000F334B4 /* Box2@2x.png */,
				AEA57BA8222E3A0000F334B4 /* ButtonOutline@2x.png */,
				AEA57B9C222E3A0000F334B4 /* Floor@2x.png */,
				AEA57B9D222E3A0000F334B4 /* github404 */,
				AEA57B9B222E3A0000F334B4 /* githubhead1.jpeg */,
				AEA57B98222E3A0000F334B4 /* Origin@2x.png */,
				AEA57B95222E3A0000F334B4 /* x0.png */,
				AEA57B93222E3A0000F334B4 /* x1.png */,
				AEA57B91222E3A0000F334B4 /* x2.png */,
				AEA57B92222E3A0000F334B4 /* x3.png */,
				AEA57B96222E3A0000F334B4 /* x4.png */,
				AEA57B99222E3A0000F334B4 /* x5.png */,
			);
			path = images;
			sourceTree = "<group>";
		};
		AEA57B9D222E3A0000F334B4 /* github404 */ = {
			isa = PBXGroup;
			children = (
				AEA57B9E222E3A0000F334B4 /* ship-shadow.png */,
				AEA57B9F222E3A0000F334B4 /* ship.png */,
				AEA57BA0222E3A0000F334B4 /* yurt1.png */,
				AEA57BA1222E3A0000F334B4 /* octocat-shadow.png */,
				AEA57BA2222E3A0000F334B4 /* yurt2.png */,
				AEA57BA3222E3A0000F334B4 /* octocat.png */,
				AEA57BA4222E3A0000F334B4 /* bg.jpeg */,
				AEA57BA5222E3A0000F334B4 /* text.png */,
			);
			path = github404;
			sourceTree = "<group>";
		};
		AEA57BAA222E3A0000F334B4 /* Other */ = {
			isa = PBXGroup;
			children = (
				AEA57BAC222E3A0000F334B4 /* UIImage+NNExtension.h */,
				AEA57BAE222E3A0000F334B4 /* UIImage+NNExtension.m */,
				AEA57BAF222E3A0000F334B4 /* ViewController.h */,
				AEA57BAD222E3A0000F334B4 /* ViewController.m */,
				AEA57BAB222E3A0000F334B4 /* ViewController.xib */,
			);
			path = Other;
			sourceTree = "<group>";
		};
		AEA57BB0222E3A0000F334B4 /* NNTransition */ = {
			isa = PBXGroup;
			children = (
				AEA57BB7222E3A0000F334B4 /* NNTransition */,
				AEA57BB1222E3A0000F334B4 /* Test */,
			);
			path = NNTransition;
			sourceTree = "<group>";
		};
		AEA57BB1222E3A0000F334B4 /* Test */ = {
			isa = PBXGroup;
			children = (
				AEA57BB3222E3A0000F334B4 /* NNTransitionViewController.h */,
				AEA57BB6222E3A0000F334B4 /* NNTransitionViewController.m */,
				AEA57BB5222E3A0000F334B4 /* NNTransitionViewController.xib */,
				AEA57BB4222E3A0000F334B4 /* Test1ViewController.h */,
				AEA57BB2222E3A0000F334B4 /* Test1ViewController.m */,
			);
			path = Test;
			sourceTree = "<group>";
		};
		AEA57BB7222E3A0000F334B4 /* NNTransition */ = {
			isa = PBXGroup;
			children = (
				AEA57BBA222E3A0000F334B4 /* NNAnimationTransition */,
				AEA57BCB222E3A0000F334B4 /* NNInteractionTransition */,
				AEA57BB9222E3A0000F334B4 /* UIViewController+NNTransition.h */,
				AEA57BB8222E3A0000F334B4 /* UIViewController+NNTransition.m */,
			);
			path = NNTransition;
			sourceTree = "<group>";
		};
		AEA57BBA222E3A0000F334B4 /* NNAnimationTransition */ = {
			isa = PBXGroup;
			children = (
				AEA57BBF222E3A0000F334B4 /* NNAnimationTransition.h */,
				AEA57BC7222E3A0000F334B4 /* NNAnimationTransition.m */,
				AEA57BC5222E3A0000F334B4 /* NNCircleSpreadAnimationTransition.h */,
				AEA57BC0222E3A0000F334B4 /* NNCircleSpreadAnimationTransition.m */,
				AEA57BC8222E3A0000F334B4 /* NNEasyAnimatedTransition.h */,
				AEA57BBD222E3A0000F334B4 /* NNEasyAnimatedTransition.m */,
				AEA57BCA222E3A0000F334B4 /* NNExplodeAnimationTransition.h */,
				AEA57BC1222E3A0000F334B4 /* NNExplodeAnimationTransition.m */,
				AEA57BC2222E3A0000F334B4 /* NNFlipAnimationTransition.h */,
				AEA57BC9222E3A0000F334B4 /* NNFlipAnimationTransition.m */,
				AEA57BBE222E3A0000F334B4 /* NNPortalAnimationTransition.h */,
				AEA57BC6222E3A0000F334B4 /* NNPortalAnimationTransition.m */,
				AEA57BBB222E3A0000F334B4 /* NNScaleAnimationTransition.h */,
				AEA57BC4222E3A0000F334B4 /* NNScaleAnimationTransition.m */,
				AEA57BBC222E3A0000F334B4 /* NNSpreadAnimationTransition.h */,
				AEA57BC3222E3A0000F334B4 /* NNSpreadAnimationTransition.m */,
			);
			path = NNAnimationTransition;
			sourceTree = "<group>";
		};
		AEA57BCB222E3A0000F334B4 /* NNInteractionTransition */ = {
			isa = PBXGroup;
			children = (
				AEA57BCC222E3A0000F334B4 /* NNInteractionTransition.h */,
				AEA57BCD222E3A0000F334B4 /* NNSwipeInteractionTransition.m */,
				AEA57BCE222E3A0000F334B4 /* NNHorizontalSwipeInteractionTransition.m */,
				AEA57BCF222E3A0000F334B4 /* NNInteractionTransition.m */,
				AEA57BD0222E3A0000F334B4 /* NNSwipeInteractionTransition.h */,
				AEA57BD1222E3A0000F334B4 /* NNHorizontalSwipeInteractionTransition.h */,
			);
			path = NNInteractionTransition;
			sourceTree = "<group>";
		};
		AEA57BD2222E3A0000F334B4 /* UIViewAnimation */ = {
			isa = PBXGroup;
			children = (
				AEA57BD3222E3A0000F334B4 /* UIViewAnimationVC.h */,
				AEA57BD4222E3A0000F334B4 /* UIViewAnimationVC.m */,
			);
			path = UIViewAnimation;
			sourceTree = "<group>";
		};
		AEA57BD5222E3A0000F334B4 /* UIKitDynamics */ = {
			isa = PBXGroup;
			children = (
				AEA57BD7222E3A0000F334B4 /* UIKitDynamicsVC.h */,
				AEA57BD6222E3A0000F334B4 /* UIKitDynamicsVC.m */,
			);
			path = UIKitDynamics;
			sourceTree = "<group>";
		};
		AEA57BD8222E3A0000F334B4 /* ViewControllerTransition */ = {
			isa = PBXGroup;
			children = (
				AEA57BE4222E3A0000F334B4 /* AViewController.h */,
				AEA57BDB222E3A0000F334B4 /* AViewController.m */,
				AEA57BDE222E3A0000F334B4 /* AViewController.xib */,
				AEA57BDA222E3A0000F334B4 /* BViewController.h */,
				AEA57BE1222E3A0000F334B4 /* BViewController.m */,
				AEA57BE0222E3A0000F334B4 /* BViewController.xib */,
				AEA57BD9222E3A0000F334B4 /* InteractiveTransition.h */,
				AEA57BDF222E3A0000F334B4 /* InteractiveTransition.m */,
				AEA57BE3222E3A0000F334B4 /* NavigationTransition.h */,
				AEA57BDD222E3A0000F334B4 /* NavigationTransition.m */,
				AEA57BDC222E3A0000F334B4 /* PresentTransition.h */,
				AEA57BE2222E3A0000F334B4 /* PresentTransition.m */,
			);
			path = ViewControllerTransition;
			sourceTree = "<group>";
		};
		AEA57BE5222E3A0000F334B4 /* CoreAnimation */ = {
			isa = PBXGroup;
			children = (
				AEA57BE7222E3A0000F334B4 /* CoreAnimationVC.h */,
				AEA57BE6222E3A0000F334B4 /* CoreAnimationVC.m */,
			);
			path = CoreAnimation;
			sourceTree = "<group>";
		};
		AEA57BE8222E3A0000F334B4 /* MotionEffects */ = {
			isa = PBXGroup;
			children = (
				AEA57BEB222E3A0000F334B4 /* MotionEffectsViewController.h */,
				AEA57BE9222E3A0000F334B4 /* MotionEffectsViewController.m */,
				AEA57BEA222E3A0000F334B4 /* MotionEffectsViewController.xib */,
			);
			path = MotionEffects;
			sourceTree = "<group>";
		};
		AEA57C22222E3ACC00F334B4 /* DelayOperation */ = {
			isa = PBXGroup;
			children = (
				AEA57C24222E3AE400F334B4 /* DelayOperationViewController.h */,
				AEA57C25222E3AE400F334B4 /* DelayOperationViewController.m */,
				AEA57C23222E3AE400F334B4 /* DelayOperationViewController.xib */,
			);
			path = DelayOperation;
			sourceTree = "<group>";
		};
		AEBDB53C221548A400241E6C = {
			isa = PBXGroup;
			children = (
				AEBDB547221548A400241E6C /* NNEasyKit */,
				AEBDB560221548A500241E6C /* NNEasyKitTests */,
				AEBDB56B221548A500241E6C /* NNEasyKitUITests */,
				AEBDB546221548A400241E6C /* Products */,
				5A7AF004BD5AE7B09B8825C8 /* Pods */,
				19DCB99440E3A79149004748 /* Frameworks */,
			);
			sourceTree = "<group>";
		};
		AEBDB546221548A400241E6C /* Products */ = {
			isa = PBXGroup;
			children = (
				AEBDB545221548A400241E6C /* NNEasyKit.app */,
				AEBDB55D221548A500241E6C /* NNEasyKitTests.xctest */,
				AEBDB568221548A500241E6C /* NNEasyKitUITests.xctest */,
			);
			name = Products;
			sourceTree = "<group>";
		};
		AEBDB547221548A400241E6C /* NNEasyKit */ = {
			isa = PBXGroup;
			children = (
				AEA57C22222E3ACC00F334B4 /* DelayOperation */,
				AEA57B8F222E3A0000F334B4 /* iOSAnimation */,
				AEBDB64622155E9200241E6C /* NNEasyKit */,
				AEBDB548221548A400241E6C /* AppDelegate.h */,
				AEBDB549221548A400241E6C /* AppDelegate.m */,
				AEBDB54B221548A400241E6C /* ViewController.h */,
				AEBDB54C221548A400241E6C /* ViewController.m */,
				AEBDB54E221548A400241E6C /* Main.storyboard */,
				AEBDB551221548A500241E6C /* Assets.xcassets */,
				AEBDB553221548A500241E6C /* LaunchScreen.storyboard */,
				AEBDB556221548A500241E6C /* Info.plist */,
				AEBDB557221548A500241E6C /* main.m */,
			);
			path = NNEasyKit;
			sourceTree = "<group>";
		};
		AEBDB560221548A500241E6C /* NNEasyKitTests */ = {
			isa = PBXGroup;
			children = (
				AEBDB561221548A500241E6C /* NNEasyKitTests.m */,
				AEBDB563221548A500241E6C /* Info.plist */,
			);
			path = NNEasyKitTests;
			sourceTree = "<group>";
		};
		AEBDB56B221548A500241E6C /* NNEasyKitUITests */ = {
			isa = PBXGroup;
			children = (
				AEBDB56C221548A500241E6C /* NNEasyKitUITests.m */,
				AEBDB56E221548A500241E6C /* Info.plist */,
			);
			path = NNEasyKitUITests;
			sourceTree = "<group>";
		};
		AEBDB64622155E9200241E6C /* NNEasyKit */ = {
			isa = PBXGroup;
			children = (
				AEBDB64722155E9200241E6C /* NNComponent */,
				AEBDB67422155E9200241E6C /* NNEasyKit.h */,
				AEBDB65822155E9200241E6C /* NNExtension */,
			);
			path = NNEasyKit;
			sourceTree = "<group>";
		};
		AEBDB64722155E9200241E6C /* NNComponent */ = {
			isa = PBXGroup;
			children = (
				AEBDB65322155E9200241E6C /* NNAlertView */,
				AE8A5C2F221C01160057683B /* NNCarousel */,
				AEBDB64D22155E9200241E6C /* NNGCDTimer */,
				AEBDB64822155E9200241E6C /* NNPFSLabel */,
				AEBDB65022155E9200241E6C /* NNPinYin */,
			);
			path = NNComponent;
			sourceTree = "<group>";
		};
		AEBDB64822155E9200241E6C /* NNPFSLabel */ = {
			isa = PBXGroup;
			children = (
				AEBDB64922155E9200241E6C /* CADisplayLink+NNExtension.h */,
				AEBDB64B22155E9200241E6C /* CADisplayLink+NNExtension.m */,
				AEBDB64C22155E9200241E6C /* NNPFSLabel.h */,
				AEBDB64A22155E9200241E6C /* NNPFSLabel.m */,
			);
			path = NNPFSLabel;
			sourceTree = "<group>";
		};
		AEBDB64D22155E9200241E6C /* NNGCDTimer */ = {
			isa = PBXGroup;
			children = (
				AEBDB64F22155E9200241E6C /* NNGCDTimer.h */,
				AEBDB64E22155E9200241E6C /* NNGCDTimer.m */,
			);
			path = NNGCDTimer;
			sourceTree = "<group>";
		};
		AEBDB65022155E9200241E6C /* NNPinYin */ = {
			isa = PBXGroup;
			children = (
				AEBDB65122155E9200241E6C /* NNPinYin.h */,
				AEBDB65222155E9200241E6C /* NNPinYin.m */,
			);
			path = NNPinYin;
			sourceTree = "<group>";
		};
		AEBDB65322155E9200241E6C /* NNAlertView */ = {
			isa = PBXGroup;
			children = (
				AEBDB65522155E9200241E6C /* NNAlertView.h */,
				AEBDB65722155E9200241E6C /* NNAlertView.m */,
				AEBDB65622155E9200241E6C /* NNNormalAlertView.h */,
				AEBDB65422155E9200241E6C /* NNNormalAlertView.m */,
			);
			path = NNAlertView;
			sourceTree = "<group>";
		};
		AEBDB65822155E9200241E6C /* NNExtension */ = {
			isa = PBXGroup;
			children = (
				AEBDB65D22155E9200241E6C /* NNDefineMacro.h */,
				AEBDB66822155E9200241E6C /* NNGlobalHelper.h */,
				AEBDB65922155E9200241E6C /* NNGlobalHelper.m */,
				AEBDB66A22155E9200241E6C /* NSObject+NNExtension.h */,
				AEBDB65B22155E9200241E6C /* NSObject+NNExtension.m */,
				AEBDB67322155E9200241E6C /* NSString+NNExtension.h */,
				AEBDB66222155E9200241E6C /* NSString+NNExtension.m */,
				AEBDB66022155E9200241E6C /* NSTimer+NNExtension.h */,
				AEBDB66D22155E9200241E6C /* NSTimer+NNExtension.m */,
				AEBDB66522155E9200241E6C /* UIAlertController+NNExtension.h */,
				AEBDB67022155E9200241E6C /* UIAlertController+NNExtension.m */,
				AEBDB67122155E9200241E6C /* UICollectionView+NNExtension.h */,
				AEBDB66422155E9200241E6C /* UICollectionView+NNExtension.m */,
				AEBDB65F22155E9200241E6C /* UIColor+NNExtension.h */,
				AEBDB66E22155E9200241E6C /* UIColor+NNExtension.m */,
				AEBDB66322155E9200241E6C /* UIControl+NNExtension.h */,
				AEBDB67222155E9200241E6C /* UIControl+NNExtension.m */,
				AEBDB66B22155E9200241E6C /* UIFont+NNExtension.h */,
				AEBDB65C22155E9200241E6C /* UIFont+NNExtension.m */,
				AEBDB65A22155E9200241E6C /* UIGestureRecognizer+NNExtension.h */,
				AEBDB66722155E9200241E6C /* UIGestureRecognizer+NNExtension.m */,
				AEBDB66122155E9200241E6C /* UIImage+NNExtension.h */,
				AEBDB66C22155E9200241E6C /* UIImage+NNExtension.m */,
				AEBDB66622155E9200241E6C /* UITableView+NNExtension.h */,
				AEBDB66F22155E9200241E6C /* UITableView+NNExtension.m */,
				AEBDB66922155E9200241E6C /* UIView+NNExtension.h */,
				AEBDB65E22155E9200241E6C /* UIView+NNExtension.m */,
			);
			path = NNExtension;
			sourceTree = "<group>";
		};
/* End PBXGroup section */

/* Begin PBXNativeTarget section */
		AEBDB544221548A400241E6C /* NNEasyKit */ = {
			isa = PBXNativeTarget;
			buildConfigurationList = AEBDB571221548A500241E6C /* Build configuration list for PBXNativeTarget "NNEasyKit" */;
			buildPhases = (
				F2D064EFB41AF8A9C482F332 /* [CP] Check Pods Manifest.lock */,
				AEBDB541221548A400241E6C /* Sources */,
				AEBDB542221548A400241E6C /* Frameworks */,
				AEBDB543221548A400241E6C /* Resources */,
			);
			buildRules = (
			);
			dependencies = (
			);
			name = NNEasyKit;
			productName = NNEasyKit;
			productReference = AEBDB545221548A400241E6C /* NNEasyKit.app */;
			productType = "com.apple.product-type.application";
		};
		AEBDB55C221548A500241E6C /* NNEasyKitTests */ = {
			isa = PBXNativeTarget;
			buildConfigurationList = AEBDB574221548A500241E6C /* Build configuration list for PBXNativeTarget "NNEasyKitTests" */;
			buildPhases = (
				AEBDB559221548A500241E6C /* Sources */,
				AEBDB55A221548A500241E6C /* Frameworks */,
				AEBDB55B221548A500241E6C /* Resources */,
			);
			buildRules = (
			);
			dependencies = (
				AEBDB55F221548A500241E6C /* PBXTargetDependency */,
			);
			name = NNEasyKitTests;
			productName = NNEasyKitTests;
			productReference = AEBDB55D221548A500241E6C /* NNEasyKitTests.xctest */;
			productType = "com.apple.product-type.bundle.unit-test";
		};
		AEBDB567221548A500241E6C /* NNEasyKitUITests */ = {
			isa = PBXNativeTarget;
			buildConfigurationList = AEBDB577221548A500241E6C /* Build configuration list for PBXNativeTarget "NNEasyKitUITests" */;
			buildPhases = (
				AEBDB564221548A500241E6C /* Sources */,
				AEBDB565221548A500241E6C /* Frameworks */,
				AEBDB566221548A500241E6C /* Resources */,
			);
			buildRules = (
			);
			dependencies = (
				AEBDB56A221548A500241E6C /* PBXTargetDependency */,
			);
			name = NNEasyKitUITests;
			productName = NNEasyKitUITests;
			productReference = AEBDB568221548A500241E6C /* NNEasyKitUITests.xctest */;
			productType = "com.apple.product-type.bundle.ui-testing";
		};
/* End PBXNativeTarget section */

/* Begin PBXProject section */
		AEBDB53D221548A400241E6C /* Project object */ = {
			isa = PBXProject;
			attributes = {
				LastUpgradeCheck = 1010;
				ORGANIZATIONNAME = NeroXie;
				TargetAttributes = {
					AEBDB544221548A400241E6C = {
						CreatedOnToolsVersion = 10.1;
					};
					AEBDB55C221548A500241E6C = {
						CreatedOnToolsVersion = 10.1;
						TestTargetID = AEBDB544221548A400241E6C;
					};
					AEBDB567221548A500241E6C = {
						CreatedOnToolsVersion = 10.1;
						TestTargetID = AEBDB544221548A400241E6C;
					};
				};
			};
			buildConfigurationList = AEBDB540221548A400241E6C /* Build configuration list for PBXProject "NNEasyKit" */;
			compatibilityVersion = "Xcode 9.3";
			developmentRegion = en;
			hasScannedForEncodings = 0;
			knownRegions = (
				en,
				Base,
			);
			mainGroup = AEBDB53C221548A400241E6C;
			productRefGroup = AEBDB546221548A400241E6C /* Products */;
			projectDirPath = "";
			projectRoot = "";
			targets = (
				AEBDB544221548A400241E6C /* NNEasyKit */,
				AEBDB55C221548A500241E6C /* NNEasyKitTests */,
				AEBDB567221548A500241E6C /* NNEasyKitUITests */,
			);
		};
/* End PBXProject section */

/* Begin PBXResourcesBuildPhase section */
		AEBDB543221548A400241E6C /* Resources */ = {
			isa = PBXResourcesBuildPhase;
			buildActionMask = 2147483647;
			files = (
				AEA57C1A222E3A0000F334B4 /* AViewController.xib in Resources */,
				AEA57BEE222E3A0000F334B4 /* x1.png in Resources */,
				AEA57BF0222E3A0000F334B4 /* x0.png in Resources */,
				AEA57BF4222E3A0000F334B4 /* x5.png in Resources */,
				AEA57C02222E3A0000F334B4 /* ButtonOutline@2x.png in Resources */,
				AEA57C21222E3A0000F334B4 /* MotionEffectsViewController.xib in Resources */,
				AEA57BED222E3A0000F334B4 /* x3.png in Resources */,
				AEA57BFE222E3A0000F334B4 /* bg.jpeg in Resources */,
				AEA57BFB222E3A0000F334B4 /* octocat-shadow.png in Resources */,
				AEA57BF3222E3A0000F334B4 /* Origin@2x.png in Resources */,
				AEBDB555221548A500241E6C /* LaunchScreen.storyboard in Resources */,
				AEA57C01222E3A0000F334B4 /* Box2@2x.png in Resources */,
				AEA57BEF222E3A0000F334B4 /* BackgroundTile@2x.png in Resources */,
				AEBDB552221548A500241E6C /* Assets.xcassets in Resources */,
				AEA57BF1222E3A0000F334B4 /* x4.png in Resources */,
				AEA57BFC222E3A0000F334B4 /* yurt2.png in Resources */,
				AEA57C04222E3A0000F334B4 /* ViewController.xib in Resources */,
				AEA57C03222E3A0000F334B4 /* AttachmentPoint_Mask@2x.png in Resources */,
				AEA57BFD222E3A0000F334B4 /* octocat.png in Resources */,
				AEA57BFA222E3A0000F334B4 /* yurt1.png in Resources */,
				AEA57C1C222E3A0000F334B4 /* BViewController.xib in Resources */,
				AEA57BF9222E3A0000F334B4 /* ship.png in Resources */,
				AEA57BF8222E3A0000F334B4 /* ship-shadow.png in Resources */,
				AEA57C26222E3AE400F334B4 /* DelayOperationViewController.xib in Resources */,
				AEBDB550221548A400241E6C /* Main.storyboard in Resources */,
				AEA57BF2222E3A0000F334B4 /* Box1@2x.png in Resources */,
				AEA57C08222E3A0000F334B4 /* NNTransitionViewController.xib in Resources */,
				AEA57BF7222E3A0000F334B4 /* Floor@2x.png in Resources */,
				AEA57BFF222E3A0000F334B4 /* text.png in Resources */,
				AEA57BEC222E3A0000F334B4 /* x2.png in Resources */,
				AEA57C00222E3A0000F334B4 /* blackhole.png in Resources */,
				AEA57BF6222E3A0000F334B4 /* githubhead1.jpeg in Resources */,
				AEA57BF5222E3A0000F334B4 /* Arrow@2x.png in Resources */,
			);
			runOnlyForDeploymentPostprocessing = 0;
		};
		AEBDB55B221548A500241E6C /* Resources */ = {
			isa = PBXResourcesBuildPhase;
			buildActionMask = 2147483647;
			files = (
			);
			runOnlyForDeploymentPostprocessing = 0;
		};
		AEBDB566221548A500241E6C /* Resources */ = {
			isa = PBXResourcesBuildPhase;
			buildActionMask = 2147483647;
			files = (
			);
			runOnlyForDeploymentPostprocessing = 0;
		};
/* End PBXResourcesBuildPhase section */

/* Begin PBXShellScriptBuildPhase section */
		F2D064EFB41AF8A9C482F332 /* [CP] Check Pods Manifest.lock */ = {
			isa = PBXShellScriptBuildPhase;
			buildActionMask = 2147483647;
			files = (
			);
			inputFileListPaths = (
			);
			inputPaths = (
				"${PODS_PODFILE_DIR_PATH}/Podfile.lock",
				"${PODS_ROOT}/Manifest.lock",
			);
			name = "[CP] Check Pods Manifest.lock";
			outputFileListPaths = (
			);
			outputPaths = (
				"$(DERIVED_FILE_DIR)/Pods-NNEasyKit-checkManifestLockResult.txt",
			);
			runOnlyForDeploymentPostprocessing = 0;
			shellPath = /bin/sh;
			shellScript = "diff \"${PODS_PODFILE_DIR_PATH}/Podfile.lock\" \"${PODS_ROOT}/Manifest.lock\" > /dev/null\nif [ $? != 0 ] ; then\n    # print error to STDERR\n    echo \"error: The sandbox is not in sync with the Podfile.lock. Run 'pod install' or update your CocoaPods installation.\" >&2\n    exit 1\nfi\n# This output is used by Xcode 'outputs' to avoid re-running this script phase.\necho \"SUCCESS\" > \"${SCRIPT_OUTPUT_FILE_0}\"\n";
			showEnvVarsInLog = 0;
		};
/* End PBXShellScriptBuildPhase section */

/* Begin PBXSourcesBuildPhase section */
		AEBDB541221548A400241E6C /* Sources */ = {
			isa = PBXSourcesBuildPhase;
			buildActionMask = 2147483647;
			files = (
				AEBDB68422155E9200241E6C /* UIColor+NNExtension.m in Sources */,
				AEBDB68522155E9200241E6C /* UITableView+NNExtension.m in Sources */,
				AEA57C13222E3A0000F334B4 /* NNSwipeInteractionTransition.m in Sources */,
				AEA57C17222E3A0000F334B4 /* UIKitDynamicsVC.m in Sources */,
				AEBDB67522155E9200241E6C /* NNPFSLabel.m in Sources */,
				AEBDB67F22155E9200241E6C /* NSString+NNExtension.m in Sources */,
				AEBDB68022155E9200241E6C /* UICollectionView+NNExtension.m in Sources */,
				AEA57C11222E3A0000F334B4 /* NNAnimationTransition.m in Sources */,
				AEA57C09222E3A0000F334B4 /* NNTransitionViewController.m in Sources */,
				AEA57C1E222E3A0000F334B4 /* PresentTransition.m in Sources */,
				AEA57C20222E3A0000F334B4 /* MotionEffectsViewController.m in Sources */,
				AEBDB67622155E9200241E6C /* CADisplayLink+NNExtension.m in Sources */,
				AEBDB54D221548A400241E6C /* ViewController.m in Sources */,
				AEA57C12222E3A0000F334B4 /* NNFlipAnimationTransition.m in Sources */,
				AEBDB558221548A500241E6C /* main.m in Sources */,
				AEA57C1F222E3A0000F334B4 /* CoreAnimationVC.m in Sources */,
				AEBDB68222155E9200241E6C /* UIImage+NNExtension.m in Sources */,
				AEA57C1B222E3A0000F334B4 /* InteractiveTransition.m in Sources */,
				AE8A5C35221C01160057683B /* NNCarousel.m in Sources */,
				AEA57C0E222E3A0000F334B4 /* NNSpreadAnimationTransition.m in Sources */,
				AEA57C10222E3A0000F334B4 /* NNPortalAnimationTransition.m in Sources */,
				AEBDB68622155E9200241E6C /* UIAlertController+NNExtension.m in Sources */,
				AEBDB67D22155E9200241E6C /* UIFont+NNExtension.m in Sources */,
				AEBDB68322155E9200241E6C /* NSTimer+NNExtension.m in Sources */,
				AEBDB67E22155E9200241E6C /* UIView+NNExtension.m in Sources */,
				AEA57C0B222E3A0000F334B4 /* NNEasyAnimatedTransition.m in Sources */,
				AEBDB67A22155E9200241E6C /* NNAlertView.m in Sources */,
				AEA57C0D222E3A0000F334B4 /* NNExplodeAnimationTransition.m in Sources */,
				AEA57C07222E3A0000F334B4 /* Test1ViewController.m in Sources */,
				AEA57C0A222E3A0000F334B4 /* UIViewController+NNTransition.m in Sources */,
				AEA57C0C222E3A0000F334B4 /* NNCircleSpreadAnimationTransition.m in Sources */,
				AEBDB67722155E9200241E6C /* NNGCDTimer.m in Sources */,
				AEA57C19222E3A0000F334B4 /* NavigationTransition.m in Sources */,
				AEBDB67C22155E9200241E6C /* NSObject+NNExtension.m in Sources */,
				AEBDB67822155E9200241E6C /* NNPinYin.m in Sources */,
				AEBDB68722155E9200241E6C /* UIControl+NNExtension.m in Sources */,
				AEA57C14222E3A0000F334B4 /* NNHorizontalSwipeInteractionTransition.m in Sources */,
				AEA57C0F222E3A0000F334B4 /* NNScaleAnimationTransition.m in Sources */,
				AEA57C06222E3A0000F334B4 /* UIImage+NNExtension.m in Sources */,
				AEBDB67922155E9200241E6C /* NNNormalAlertView.m in Sources */,
				AEBDB67B22155E9200241E6C /* NNGlobalHelper.m in Sources */,
				AEA57C18222E3A0000F334B4 /* AViewController.m in Sources */,
				AEA57C27222E3AE400F334B4 /* DelayOperationViewController.m in Sources */,
				AEA57C15222E3A0000F334B4 /* NNInteractionTransition.m in Sources */,
				AEBDB54A221548A400241E6C /* AppDelegate.m in Sources */,
				AEA57C1D222E3A0000F334B4 /* BViewController.m in Sources */,
				AEBDB68122155E9200241E6C /* UIGestureRecognizer+NNExtension.m in Sources */,
				AEA57C16222E3A0000F334B4 /* UIViewAnimationVC.m in Sources */,
				AE8A5C34221C01160057683B /* NNCarouselLayout.m in Sources */,
				AEA57C05222E3A0000F334B4 /* ViewController.m in Sources */,
			);
			runOnlyForDeploymentPostprocessing = 0;
		};
		AEBDB559221548A500241E6C /* Sources */ = {
			isa = PBXSourcesBuildPhase;
			buildActionMask = 2147483647;
			files = (
				AEBDB562221548A500241E6C /* NNEasyKitTests.m in Sources */,
			);
			runOnlyForDeploymentPostprocessing = 0;
		};
		AEBDB564221548A500241E6C /* Sources */ = {
			isa = PBXSourcesBuildPhase;
			buildActionMask = 2147483647;
			files = (
				AEBDB56D221548A500241E6C /* NNEasyKitUITests.m in Sources */,
			);
			runOnlyForDeploymentPostprocessing = 0;
		};
/* End PBXSourcesBuildPhase section */

/* Begin PBXTargetDependency section */
		AEBDB55F221548A500241E6C /* PBXTargetDependency */ = {
			isa = PBXTargetDependency;
			target = AEBDB544221548A400241E6C /* NNEasyKit */;
			targetProxy = AEBDB55E221548A500241E6C /* PBXContainerItemProxy */;
		};
		AEBDB56A221548A500241E6C /* PBXTargetDependency */ = {
			isa = PBXTargetDependency;
			target = AEBDB544221548A400241E6C /* NNEasyKit */;
			targetProxy = AEBDB569221548A500241E6C /* PBXContainerItemProxy */;
		};
/* End PBXTargetDependency section */

/* Begin PBXVariantGroup section */
		AEBDB54E221548A400241E6C /* Main.storyboard */ = {
			isa = PBXVariantGroup;
			children = (
				AEBDB54F221548A400241E6C /* Base */,
			);
			name = Main.storyboard;
			sourceTree = "<group>";
		};
		AEBDB553221548A500241E6C /* LaunchScreen.storyboard */ = {
			isa = PBXVariantGroup;
			children = (
				AEBDB554221548A500241E6C /* Base */,
			);
			name = LaunchScreen.storyboard;
			sourceTree = "<group>";
		};
/* End PBXVariantGroup section */

/* Begin XCBuildConfiguration section */
		AEBDB56F221548A500241E6C /* Debug */ = {
			isa = XCBuildConfiguration;
			buildSettings = {
				ALWAYS_SEARCH_USER_PATHS = NO;
				CLANG_ANALYZER_NONNULL = YES;
				CLANG_ANALYZER_NUMBER_OBJECT_CONVERSION = YES_AGGRESSIVE;
				CLANG_CXX_LANGUAGE_STANDARD = "gnu++14";
				CLANG_CXX_LIBRARY = "libc++";
				CLANG_ENABLE_MODULES = YES;
				CLANG_ENABLE_OBJC_ARC = YES;
				CLANG_ENABLE_OBJC_WEAK = YES;
				CLANG_WARN_BLOCK_CAPTURE_AUTORELEASING = YES;
				CLANG_WARN_BOOL_CONVERSION = YES;
				CLANG_WARN_COMMA = YES;
				CLANG_WARN_CONSTANT_CONVERSION = YES;
				CLANG_WARN_DEPRECATED_OBJC_IMPLEMENTATIONS = YES;
				CLANG_WARN_DIRECT_OBJC_ISA_USAGE = YES_ERROR;
				CLANG_WARN_DOCUMENTATION_COMMENTS = YES;
				CLANG_WARN_EMPTY_BODY = YES;
				CLANG_WARN_ENUM_CONVERSION = YES;
				CLANG_WARN_INFINITE_RECURSION = YES;
				CLANG_WARN_INT_CONVERSION = YES;
				CLANG_WARN_NON_LITERAL_NULL_CONVERSION = YES;
				CLANG_WARN_OBJC_IMPLICIT_RETAIN_SELF = YES;
				CLANG_WARN_OBJC_LITERAL_CONVERSION = YES;
				CLANG_WARN_OBJC_ROOT_CLASS = YES_ERROR;
				CLANG_WARN_RANGE_LOOP_ANALYSIS = YES;
				CLANG_WARN_STRICT_PROTOTYPES = YES;
				CLANG_WARN_SUSPICIOUS_MOVE = YES;
				CLANG_WARN_UNGUARDED_AVAILABILITY = YES_AGGRESSIVE;
				CLANG_WARN_UNREACHABLE_CODE = YES;
				CLANG_WARN__DUPLICATE_METHOD_MATCH = YES;
				CODE_SIGN_IDENTITY = "iPhone Developer";
				COPY_PHASE_STRIP = NO;
				DEBUG_INFORMATION_FORMAT = dwarf;
				ENABLE_STRICT_OBJC_MSGSEND = YES;
				ENABLE_TESTABILITY = YES;
				GCC_C_LANGUAGE_STANDARD = gnu11;
				GCC_DYNAMIC_NO_PIC = NO;
				GCC_NO_COMMON_BLOCKS = YES;
				GCC_OPTIMIZATION_LEVEL = 0;
				GCC_PREPROCESSOR_DEFINITIONS = (
					"DEBUG=1",
					"$(inherited)",
				);
				GCC_WARN_64_TO_32_BIT_CONVERSION = YES;
				GCC_WARN_ABOUT_RETURN_TYPE = YES_ERROR;
				GCC_WARN_UNDECLARED_SELECTOR = YES;
				GCC_WARN_UNINITIALIZED_AUTOS = YES_AGGRESSIVE;
				GCC_WARN_UNUSED_FUNCTION = YES;
				GCC_WARN_UNUSED_VARIABLE = YES;
				IPHONEOS_DEPLOYMENT_TARGET = 12.1;
				MTL_ENABLE_DEBUG_INFO = INCLUDE_SOURCE;
				MTL_FAST_MATH = YES;
				ONLY_ACTIVE_ARCH = YES;
				SDKROOT = iphoneos;
			};
			name = Debug;
		};
		AEBDB570221548A500241E6C /* Release */ = {
			isa = XCBuildConfiguration;
			buildSettings = {
				ALWAYS_SEARCH_USER_PATHS = NO;
				CLANG_ANALYZER_NONNULL = YES;
				CLANG_ANALYZER_NUMBER_OBJECT_CONVERSION = YES_AGGRESSIVE;
				CLANG_CXX_LANGUAGE_STANDARD = "gnu++14";
				CLANG_CXX_LIBRARY = "libc++";
				CLANG_ENABLE_MODULES = YES;
				CLANG_ENABLE_OBJC_ARC = YES;
				CLANG_ENABLE_OBJC_WEAK = YES;
				CLANG_WARN_BLOCK_CAPTURE_AUTORELEASING = YES;
				CLANG_WARN_BOOL_CONVERSION = YES;
				CLANG_WARN_COMMA = YES;
				CLANG_WARN_CONSTANT_CONVERSION = YES;
				CLANG_WARN_DEPRECATED_OBJC_IMPLEMENTATIONS = YES;
				CLANG_WARN_DIRECT_OBJC_ISA_USAGE = YES_ERROR;
				CLANG_WARN_DOCUMENTATION_COMMENTS = YES;
				CLANG_WARN_EMPTY_BODY = YES;
				CLANG_WARN_ENUM_CONVERSION = YES;
				CLANG_WARN_INFINITE_RECURSION = YES;
				CLANG_WARN_INT_CONVERSION = YES;
				CLANG_WARN_NON_LITERAL_NULL_CONVERSION = YES;
				CLANG_WARN_OBJC_IMPLICIT_RETAIN_SELF = YES;
				CLANG_WARN_OBJC_LITERAL_CONVERSION = YES;
				CLANG_WARN_OBJC_ROOT_CLASS = YES_ERROR;
				CLANG_WARN_RANGE_LOOP_ANALYSIS = YES;
				CLANG_WARN_STRICT_PROTOTYPES = YES;
				CLANG_WARN_SUSPICIOUS_MOVE = YES;
				CLANG_WARN_UNGUARDED_AVAILABILITY = YES_AGGRESSIVE;
				CLANG_WARN_UNREACHABLE_CODE = YES;
				CLANG_WARN__DUPLICATE_METHOD_MATCH = YES;
				CODE_SIGN_IDENTITY = "iPhone Developer";
				COPY_PHASE_STRIP = NO;
				DEBUG_INFORMATION_FORMAT = "dwarf-with-dsym";
				ENABLE_NS_ASSERTIONS = NO;
				ENABLE_STRICT_OBJC_MSGSEND = YES;
				GCC_C_LANGUAGE_STANDARD = gnu11;
				GCC_NO_COMMON_BLOCKS = YES;
				GCC_WARN_64_TO_32_BIT_CONVERSION = YES;
				GCC_WARN_ABOUT_RETURN_TYPE = YES_ERROR;
				GCC_WARN_UNDECLARED_SELECTOR = YES;
				GCC_WARN_UNINITIALIZED_AUTOS = YES_AGGRESSIVE;
				GCC_WARN_UNUSED_FUNCTION = YES;
				GCC_WARN_UNUSED_VARIABLE = YES;
				IPHONEOS_DEPLOYMENT_TARGET = 12.1;
				MTL_ENABLE_DEBUG_INFO = NO;
				MTL_FAST_MATH = YES;
				SDKROOT = iphoneos;
				VALIDATE_PRODUCT = YES;
			};
			name = Release;
		};
		AEBDB572221548A500241E6C /* Debug */ = {
			isa = XCBuildConfiguration;
			baseConfigurationReference = DAAD2B5082AD704F677D7D93 /* Pods-NNEasyKit.debug.xcconfig */;
			buildSettings = {
				ASSETCATALOG_COMPILER_APPICON_NAME = AppIcon;
				CODE_SIGN_STYLE = Automatic;
				DEVELOPMENT_TEAM = 97ZDU8T5WN;
				INFOPLIST_FILE = NNEasyKit/Info.plist;
				IPHONEOS_DEPLOYMENT_TARGET = 8.0;
				LD_RUNPATH_SEARCH_PATHS = (
					"$(inherited)",
					"@executable_path/Frameworks",
				);
				PRODUCT_BUNDLE_IDENTIFIER = "com.xyh30902-163.NNEasyKit";
				PRODUCT_NAME = "$(TARGET_NAME)";
				TARGETED_DEVICE_FAMILY = "1,2";
			};
			name = Debug;
		};
		AEBDB573221548A500241E6C /* Release */ = {
			isa = XCBuildConfiguration;
			baseConfigurationReference = F3ABF50F3C5FE4453D50D873 /* Pods-NNEasyKit.release.xcconfig */;
			buildSettings = {
				ASSETCATALOG_COMPILER_APPICON_NAME = AppIcon;
				CODE_SIGN_STYLE = Automatic;
				DEVELOPMENT_TEAM = 97ZDU8T5WN;
				INFOPLIST_FILE = NNEasyKit/Info.plist;
				IPHONEOS_DEPLOYMENT_TARGET = 8.0;
				LD_RUNPATH_SEARCH_PATHS = (
					"$(inherited)",
					"@executable_path/Frameworks",
				);
				PRODUCT_BUNDLE_IDENTIFIER = "com.xyh30902-163.NNEasyKit";
				PRODUCT_NAME = "$(TARGET_NAME)";
				TARGETED_DEVICE_FAMILY = "1,2";
			};
			name = Release;
		};
		AEBDB575221548A500241E6C /* Debug */ = {
			isa = XCBuildConfiguration;
			buildSettings = {
				BUNDLE_LOADER = "$(TEST_HOST)";
				CODE_SIGN_STYLE = Automatic;
				INFOPLIST_FILE = NNEasyKitTests/Info.plist;
				LD_RUNPATH_SEARCH_PATHS = (
					"$(inherited)",
					"@executable_path/Frameworks",
					"@loader_path/Frameworks",
				);
				PRODUCT_BUNDLE_IDENTIFIER = "com.xyh30902-163.NNEasyKitTests";
				PRODUCT_NAME = "$(TARGET_NAME)";
				TARGETED_DEVICE_FAMILY = "1,2";
				TEST_HOST = "$(BUILT_PRODUCTS_DIR)/NNEasyKit.app/NNEasyKit";
			};
			name = Debug;
		};
		AEBDB576221548A500241E6C /* Release */ = {
			isa = XCBuildConfiguration;
			buildSettings = {
				BUNDLE_LOADER = "$(TEST_HOST)";
				CODE_SIGN_STYLE = Automatic;
				INFOPLIST_FILE = NNEasyKitTests/Info.plist;
				LD_RUNPATH_SEARCH_PATHS = (
					"$(inherited)",
					"@executable_path/Frameworks",
					"@loader_path/Frameworks",
				);
				PRODUCT_BUNDLE_IDENTIFIER = "com.xyh30902-163.NNEasyKitTests";
				PRODUCT_NAME = "$(TARGET_NAME)";
				TARGETED_DEVICE_FAMILY = "1,2";
				TEST_HOST = "$(BUILT_PRODUCTS_DIR)/NNEasyKit.app/NNEasyKit";
			};
			name = Release;
		};
		AEBDB578221548A500241E6C /* Debug */ = {
			isa = XCBuildConfiguration;
			buildSettings = {
				CODE_SIGN_STYLE = Automatic;
				INFOPLIST_FILE = NNEasyKitUITests/Info.plist;
				LD_RUNPATH_SEARCH_PATHS = (
					"$(inherited)",
					"@executable_path/Frameworks",
					"@loader_path/Frameworks",
				);
				PRODUCT_BUNDLE_IDENTIFIER = "com.xyh30902-163.NNEasyKitUITests";
				PRODUCT_NAME = "$(TARGET_NAME)";
				TARGETED_DEVICE_FAMILY = "1,2";
				TEST_TARGET_NAME = NNEasyKit;
			};
			name = Debug;
		};
		AEBDB579221548A500241E6C /* Release */ = {
			isa = XCBuildConfiguration;
			buildSettings = {
				CODE_SIGN_STYLE = Automatic;
				INFOPLIST_FILE = NNEasyKitUITests/Info.plist;
				LD_RUNPATH_SEARCH_PATHS = (
					"$(inherited)",
					"@executable_path/Frameworks",
					"@loader_path/Frameworks",
				);
				PRODUCT_BUNDLE_IDENTIFIER = "com.xyh30902-163.NNEasyKitUITests";
				PRODUCT_NAME = "$(TARGET_NAME)";
				TARGETED_DEVICE_FAMILY = "1,2";
				TEST_TARGET_NAME = NNEasyKit;
			};
			name = Release;
		};
/* End XCBuildConfiguration section */

/* Begin XCConfigurationList section */
		AEBDB540221548A400241E6C /* Build configuration list for PBXProject "NNEasyKit" */ = {
			isa = XCConfigurationList;
			buildConfigurations = (
				AEBDB56F221548A500241E6C /* Debug */,
				AEBDB570221548A500241E6C /* Release */,
			);
			defaultConfigurationIsVisible = 0;
			defaultConfigurationName = Release;
		};
		AEBDB571221548A500241E6C /* Build configuration list for PBXNativeTarget "NNEasyKit" */ = {
			isa = XCConfigurationList;
			buildConfigurations = (
				AEBDB572221548A500241E6C /* Debug */,
				AEBDB573221548A500241E6C /* Release */,
			);
			defaultConfigurationIsVisible = 0;
			defaultConfigurationName = Release;
		};
		AEBDB574221548A500241E6C /* Build configuration list for PBXNativeTarget "NNEasyKitTests" */ = {
			isa = XCConfigurationList;
			buildConfigurations = (
				AEBDB575221548A500241E6C /* Debug */,
				AEBDB576221548A500241E6C /* Release */,
			);
			defaultConfigurationIsVisible = 0;
			defaultConfigurationName = Release;
		};
		AEBDB577221548A500241E6C /* Build configuration list for PBXNativeTarget "NNEasyKitUITests" */ = {
			isa = XCConfigurationList;
			buildConfigurations = (
				AEBDB578221548A500241E6C /* Debug */,
				AEBDB579221548A500241E6C /* Release */,
			);
			defaultConfigurationIsVisible = 0;
			defaultConfigurationName = Release;
		};
/* End XCConfigurationList section */
	};
	rootObject = AEBDB53D221548A400241E6C /* Project object */;
}
